// !$*UTF8*$!
{
	archiveVersion = 1;
	classes = {
	};
	objectVersion = 48;
	objects = {

/* Begin PBXBuildFile section */
		14120FADAE17F79542DF37A5 /* Pods_HBDJProjUITests.framework in Frameworks */ = {isa = PBXBuildFile; fileRef = A115F1196D08C530AC251368 /* Pods_HBDJProjUITests.framework */; };
		2C7C7E86E82AEAEDF7230796 /* Pods_HBDJProj.framework in Frameworks */ = {isa = PBXBuildFile; fileRef = 37AECC58CD5813726C23C0C6 /* Pods_HBDJProj.framework */; };
		881C948D2068EA5A009D6A52 /* AppDelegate.m in Sources */ = {isa = PBXBuildFile; fileRef = 881C948C2068EA5A009D6A52 /* AppDelegate.m */; };
		881C94952068EA5A009D6A52 /* Assets.xcassets in Resources */ = {isa = PBXBuildFile; fileRef = 881C94942068EA5A009D6A52 /* Assets.xcassets */; };
		881C949B2068EA5A009D6A52 /* main.m in Sources */ = {isa = PBXBuildFile; fileRef = 881C949A2068EA5A009D6A52 /* main.m */; };
		881C94A52068EA5A009D6A52 /* HBDJProjTests.m in Sources */ = {isa = PBXBuildFile; fileRef = 881C94A42068EA5A009D6A52 /* HBDJProjTests.m */; };
		881C94B02068EA5A009D6A52 /* HBDJProjUITests.m in Sources */ = {isa = PBXBuildFile; fileRef = 881C94AF2068EA5A009D6A52 /* HBDJProjUITests.m */; };
		881C94D02068ECF3009D6A52 /* NSString+Extension.m in Sources */ = {isa = PBXBuildFile; fileRef = 881C94C82068ECF3009D6A52 /* NSString+Extension.m */; };
		881C94D12068ECF3009D6A52 /* UIColor+Extension.m in Sources */ = {isa = PBXBuildFile; fileRef = 881C94CB2068ECF3009D6A52 /* UIColor+Extension.m */; };
		881C94D22068ECF3009D6A52 /* UIImage+Extension.m in Sources */ = {isa = PBXBuildFile; fileRef = 881C94CD2068ECF3009D6A52 /* UIImage+Extension.m */; };
		881C94D32068ECF3009D6A52 /* UIView+Extension.m in Sources */ = {isa = PBXBuildFile; fileRef = 881C94CF2068ECF3009D6A52 /* UIView+Extension.m */; };
		881C94DF2068ED10009D6A52 /* LIGBaseRequest.m in Sources */ = {isa = PBXBuildFile; fileRef = 881C94DA2068ED10009D6A52 /* LIGBaseRequest.m */; };
		881C94E02068ED10009D6A52 /* LIGNetworkAgent.m in Sources */ = {isa = PBXBuildFile; fileRef = 881C94DC2068ED10009D6A52 /* LIGNetworkAgent.m */; };
		881C94E12068ED10009D6A52 /* LIGNetworkConfig.m in Sources */ = {isa = PBXBuildFile; fileRef = 881C94DE2068ED10009D6A52 /* LIGNetworkConfig.m */; };
		881C94E82068EFAA009D6A52 /* LIGMainTabBarController.m in Sources */ = {isa = PBXBuildFile; fileRef = 881C94E72068EFAA009D6A52 /* LIGMainTabBarController.m */; };
		8835B2A32071FBE000722010 /* LGBaseViewController.m in Sources */ = {isa = PBXBuildFile; fileRef = 8835B2A22071FBE000722010 /* LGBaseViewController.m */; };
		8835B2A62071FBFB00722010 /* LGBaseNavigationController.m in Sources */ = {isa = PBXBuildFile; fileRef = 8835B2A52071FBFB00722010 /* LGBaseNavigationController.m */; };
		8835B2AC207201DD00722010 /* LGBaseTabBarController.m in Sources */ = {isa = PBXBuildFile; fileRef = 8835B2AB207201DD00722010 /* LGBaseTabBarController.m */; };
		8835B2C120720A1800722010 /* LGBaseView.m in Sources */ = {isa = PBXBuildFile; fileRef = 8835B2C020720A1800722010 /* LGBaseView.m */; };
		8835B2C420720A2700722010 /* LGBaseModel.m in Sources */ = {isa = PBXBuildFile; fileRef = 8835B2C320720A2700722010 /* LGBaseModel.m */; };
		8835B2CA20720B0200722010 /* EDJDiscoveryController.m in Sources */ = {isa = PBXBuildFile; fileRef = 8835B2C920720B0200722010 /* EDJDiscoveryController.m */; };
		8835B2CD20720B1500722010 /* EDJOnlineController.m in Sources */ = {isa = PBXBuildFile; fileRef = 8835B2CC20720B1500722010 /* EDJOnlineController.m */; };
		8835B2E920720CD800722010 /* LIGObject.m in Sources */ = {isa = PBXBuildFile; fileRef = 8835B2E820720CD800722010 /* LIGObject.m */; };
		8835B2EC20720D6000722010 /* EDJHomeViewController.m in Sources */ = {isa = PBXBuildFile; fileRef = 8835B2EB20720D6000722010 /* EDJHomeViewController.m */; };
		8835B2F0207211B200722010 /* EDJHomeHeaderView.m in Sources */ = {isa = PBXBuildFile; fileRef = 8835B2EF207211B200722010 /* EDJHomeHeaderView.m */; };
		8835B305207213B000722010 /* EDJMicroPSCellFooter.m in Sources */ = {isa = PBXBuildFile; fileRef = 8835B304207213B000722010 /* EDJMicroPSCellFooter.m */; };
		8835B30E2072143300722010 /* EDJMicroPartyLessonCell.m in Sources */ = {isa = PBXBuildFile; fileRef = 8835B30D2072143300722010 /* EDJMicroPartyLessonCell.m */; };
		8835B314207216DB00722010 /* EDJHomeNav.m in Sources */ = {isa = PBXBuildFile; fileRef = 8835B312207216DA00722010 /* EDJHomeNav.m */; };
		8835B3172072189D00722010 /* LGBaseButton.m in Sources */ = {isa = PBXBuildFile; fileRef = 8835B3162072189D00722010 /* LGBaseButton.m */; };
		8835B36520732D9C00722010 /* EDJMicroPartyLessionViewController.m in Sources */ = {isa = PBXBuildFile; fileRef = 8835B36420732D9C00722010 /* EDJMicroPartyLessionViewController.m */; };
		8835B36B20732DB900722010 /* EDJDigitalReadViewController.m in Sources */ = {isa = PBXBuildFile; fileRef = 8835B36A20732DB900722010 /* EDJDigitalReadViewController.m */; };
		88397814207F56D700F3D131 /* UCPersonInfoModel.m in Sources */ = {isa = PBXBuildFile; fileRef = 88397813207F56D700F3D131 /* UCPersonInfoModel.m */; };
		88397817207F592700F3D131 /* UCPersonInfoTableViewCell.m in Sources */ = {isa = PBXBuildFile; fileRef = 88397816207F592700F3D131 /* UCPersonInfoTableViewCell.m */; };
		884311F12084B80C00321F84 /* LGSegmentControl.m in Sources */ = {isa = PBXBuildFile; fileRef = 884311F02084B80C00321F84 /* LGSegmentControl.m */; };
		8843124C2085E60F00321F84 /* EDJLevelInfoViewController.m in Sources */ = {isa = PBXBuildFile; fileRef = 8843124B2085E60F00321F84 /* EDJLevelInfoViewController.m */; };
		8843124F2085ED6300321F84 /* UIViewController+LGBaseSettings.m in Sources */ = {isa = PBXBuildFile; fileRef = 8843124E2085ED6300321F84 /* UIViewController+LGBaseSettings.m */; };
		884312A82086ED1200321F84 /* EDJLevelInfoFlowLayout.m in Sources */ = {isa = PBXBuildFile; fileRef = 884312A72086ED1200321F84 /* EDJLevelInfoFlowLayout.m */; };
		884312AB2086F2D400321F84 /* EDJLeverInfoHeader.xib in Resources */ = {isa = PBXBuildFile; fileRef = 884312AA2086F2D400321F84 /* EDJLeverInfoHeader.xib */; };
		884312AE2086F2EC00321F84 /* EDJLeverInfoHeaderView.m in Sources */ = {isa = PBXBuildFile; fileRef = 884312AD2086F2EC00321F84 /* EDJLeverInfoHeaderView.m */; };
		884312B2208721F400321F84 /* LGBaseTableViewController.m in Sources */ = {isa = PBXBuildFile; fileRef = 884312B1208721F400321F84 /* LGBaseTableViewController.m */; };
		884312B52087222600321F84 /* EDJLevelInsTableViewController.m in Sources */ = {isa = PBXBuildFile; fileRef = 884312B42087222600321F84 /* EDJLevelInsTableViewController.m */; };
		884312BB208725C900321F84 /* EDJTodayScoreViewController.m in Sources */ = {isa = PBXBuildFile; fileRef = 884312BA208725C900321F84 /* EDJTodayScoreViewController.m */; };
		884312BE20872ED400321F84 /* EDJModifiPwdViewController.m in Sources */ = {isa = PBXBuildFile; fileRef = 884312BD20872ED400321F84 /* EDJModifiPwdViewController.m */; };
		884312C1208733F400321F84 /* EDJConfirmPwdViewController.m in Sources */ = {isa = PBXBuildFile; fileRef = 884312C0208733F400321F84 /* EDJConfirmPwdViewController.m */; };
		884312C5208737BF00321F84 /* UCMsgTableViewController.m in Sources */ = {isa = PBXBuildFile; fileRef = 884312C4208737BF00321F84 /* UCMsgTableViewController.m */; };
		884312C8208737EF00321F84 /* UCMsgModel.m in Sources */ = {isa = PBXBuildFile; fileRef = 884312C7208737EF00321F84 /* UCMsgModel.m */; };
		884312CB2087380700321F84 /* UCMsgTableViewCell.m in Sources */ = {isa = PBXBuildFile; fileRef = 884312CA2087380700321F84 /* UCMsgTableViewCell.m */; };
		884312CD2087380E00321F84 /* UCMsgTableViewCell.xib in Resources */ = {isa = PBXBuildFile; fileRef = 884312CC2087380E00321F84 /* UCMsgTableViewCell.xib */; };
		884312D420873B2800321F84 /* UCSettingViewController.m in Sources */ = {isa = PBXBuildFile; fileRef = 884312D320873B2800321F84 /* UCSettingViewController.m */; };
		884312D620873B6900321F84 /* UCSetting.plist in Resources */ = {isa = PBXBuildFile; fileRef = 884312D520873B6900321F84 /* UCSetting.plist */; };
		884312D920873C1B00321F84 /* UCSettingTableViewCell.m in Sources */ = {isa = PBXBuildFile; fileRef = 884312D820873C1B00321F84 /* UCSettingTableViewCell.m */; };
		884312DC2087402200321F84 /* UCSettingModel.m in Sources */ = {isa = PBXBuildFile; fileRef = 884312DB2087402200321F84 /* UCSettingModel.m */; };
		884312E02089785900321F84 /* UCHelpFadebackViewController.m in Sources */ = {isa = PBXBuildFile; fileRef = 884312DF2089785900321F84 /* UCHelpFadebackViewController.m */; };
		884312E32089879C00321F84 /* UCHelpFadebackTableViewCell.m in Sources */ = {isa = PBXBuildFile; fileRef = 884312E22089879C00321F84 /* UCHelpFadebackTableViewCell.m */; };
		884312E6208987F100321F84 /* UCHelpFadebackModel.m in Sources */ = {isa = PBXBuildFile; fileRef = 884312E5208987F100321F84 /* UCHelpFadebackModel.m */; };
		884312E92089990C00321F84 /* UCWriteFeedbackViewController.m in Sources */ = {isa = PBXBuildFile; fileRef = 884312E82089990C00321F84 /* UCWriteFeedbackViewController.m */; };
		884312EC2089BC7D00321F84 /* UCMyFeedbackViewController.m in Sources */ = {isa = PBXBuildFile; fileRef = 884312EB2089BC7D00321F84 /* UCMyFeedbackViewController.m */; };
		884312F02089C25600321F84 /* LGSegmentViewController.m in Sources */ = {isa = PBXBuildFile; fileRef = 884312EF2089C25600321F84 /* LGSegmentViewController.m */; };
		884312F62089C58000321F84 /* LGSegmentView.m in Sources */ = {isa = PBXBuildFile; fileRef = 884312F52089C58000321F84 /* LGSegmentView.m */; };
		884312F92089C82800321F84 /* UCUploadViewController.m in Sources */ = {isa = PBXBuildFile; fileRef = 884312F82089C82800321F84 /* UCUploadViewController.m */; };
		88A470EE207B0CF2002F93E0 /* UIColor+EDJColor.m in Sources */ = {isa = PBXBuildFile; fileRef = 88A470ED207B0CF2002F93E0 /* UIColor+EDJColor.m */; };
		88A470F2207B5557002F93E0 /* EDJHomeDigitalsFlowLayout.m in Sources */ = {isa = PBXBuildFile; fileRef = 88A470F1207B5557002F93E0 /* EDJHomeDigitalsFlowLayout.m */; };
		88A470FA207C8615002F93E0 /* LGImageView.m in Sources */ = {isa = PBXBuildFile; fileRef = 88A470F9207C8615002F93E0 /* LGImageView.m */; };
		88A470FD207C8CBD002F93E0 /* EDJMicroPSCellHeader.m in Sources */ = {isa = PBXBuildFile; fileRef = 88A470FC207C8CBD002F93E0 /* EDJMicroPSCellHeader.m */; };
		88A47100207DA161002F93E0 /* EDJMicroBuildModel.m in Sources */ = {isa = PBXBuildFile; fileRef = 88A470FF207DA161002F93E0 /* EDJMicroBuildModel.m */; };
		88A47105207DB266002F93E0 /* EDJMicroBuildCell.m in Sources */ = {isa = PBXBuildFile; fileRef = 88A47104207DB266002F93E0 /* EDJMicroBuildCell.m */; };
		88A47109207DBE00002F93E0 /* EDJMicroBuildNoImgCell.m in Sources */ = {isa = PBXBuildFile; fileRef = 88A47108207DBE00002F93E0 /* EDJMicroBuildNoImgCell.m */; };
		88A4710B207DBE08002F93E0 /* EDJMicroBuildNoImgCell.xib in Resources */ = {isa = PBXBuildFile; fileRef = 88A4710A207DBE08002F93E0 /* EDJMicroBuildNoImgCell.xib */; };
		88A4710E207DBE1F002F93E0 /* EDJMicroBuildOneImgCell.m in Sources */ = {isa = PBXBuildFile; fileRef = 88A4710D207DBE1F002F93E0 /* EDJMicroBuildOneImgCell.m */; };
		88A47110207DBE26002F93E0 /* EDJMicroBuildOneImgCell.xib in Resources */ = {isa = PBXBuildFile; fileRef = 88A4710F207DBE26002F93E0 /* EDJMicroBuildOneImgCell.xib */; };
		88A47113207DBE33002F93E0 /* EDJMicroBuildThreeImgCell.m in Sources */ = {isa = PBXBuildFile; fileRef = 88A47112207DBE33002F93E0 /* EDJMicroBuildThreeImgCell.m */; };
		88A47115207DBE3B002F93E0 /* EDJMicroBuildThreeImgCell.xib in Resources */ = {isa = PBXBuildFile; fileRef = 88A47114207DBE3B002F93E0 /* EDJMicroBuildThreeImgCell.xib */; };
		88A47118207DDCC3002F93E0 /* EDJMicroPartyLessonHeaderCell.m in Sources */ = {isa = PBXBuildFile; fileRef = 88A47117207DDCC3002F93E0 /* EDJMicroPartyLessonHeaderCell.m */; };
		88A4711A207DDCCA002F93E0 /* EDJMicroPartyLessonHeaderCell.xib in Resources */ = {isa = PBXBuildFile; fileRef = 88A47119207DDCCA002F93E0 /* EDJMicroPartyLessonHeaderCell.xib */; };
		88A4711D207DE00F002F93E0 /* LGBaseTableViewCell.m in Sources */ = {isa = PBXBuildFile; fileRef = 88A4711C207DE00F002F93E0 /* LGBaseTableViewCell.m */; };
		88A47123207DF342002F93E0 /* EDJOnlineViewController.m in Sources */ = {isa = PBXBuildFile; fileRef = 88A47122207DF342002F93E0 /* EDJOnlineViewController.m */; };
		88A47128207DF94C002F93E0 /* EDJOnlineFlowLayout.m in Sources */ = {isa = PBXBuildFile; fileRef = 88A47127207DF94C002F93E0 /* EDJOnlineFlowLayout.m */; };
		88A4712A207E02D4002F93E0 /* UserCenter.storyboard in Resources */ = {isa = PBXBuildFile; fileRef = 88A47129207E02D4002F93E0 /* UserCenter.storyboard */; };
		88A4712D207EEB91002F93E0 /* UIViewController+Extension.m in Sources */ = {isa = PBXBuildFile; fileRef = 88A4712C207EEB91002F93E0 /* UIViewController+Extension.m */; };
		88A47130207EF58B002F93E0 /* EDJUserCenterHomePageCell.m in Sources */ = {isa = PBXBuildFile; fileRef = 88A4712F207EF58B002F93E0 /* EDJUserCenterHomePageCell.m */; };
		88A47133207EF5EB002F93E0 /* EDJUserCenterHomePageModel.m in Sources */ = {isa = PBXBuildFile; fileRef = 88A47132207EF5EB002F93E0 /* EDJUserCenterHomePageModel.m */; };
		88A47137207F06D3002F93E0 /* UserCenterHomeForm.plist in Resources */ = {isa = PBXBuildFile; fileRef = 88A47136207F06D3002F93E0 /* UserCenterHomeForm.plist */; };
		88A47139207F0C74002F93E0 /* EDJUserCenterHomePageCell.xib in Resources */ = {isa = PBXBuildFile; fileRef = 88A47138207F0C74002F93E0 /* EDJUserCenterHomePageCell.xib */; };
		88A4713D207F320F002F93E0 /* LGSpecificButton.m in Sources */ = {isa = PBXBuildFile; fileRef = 88A4713C207F320F002F93E0 /* LGSpecificButton.m */; };
		88A47142207F5242002F93E0 /* UCPersonInfoViewController.m in Sources */ = {isa = PBXBuildFile; fileRef = 88A47141207F5242002F93E0 /* UCPersonInfoViewController.m */; };
		88D033812079EB5800665D2F /* EDJDiscoveryViewController.m in Sources */ = {isa = PBXBuildFile; fileRef = 88D033802079EB5800665D2F /* EDJDiscoveryViewController.m */; };
		88D033872079EB8600665D2F /* EDJUserCenterViewController.m in Sources */ = {isa = PBXBuildFile; fileRef = 88D033862079EB8600665D2F /* EDJUserCenterViewController.m */; };
		C0720625B915A7E18499AE5F /* Pods_HBDJProjTests.framework in Frameworks */ = {isa = PBXBuildFile; fileRef = AF050835017E753BB5C873ED /* Pods_HBDJProjTests.framework */; };
/* End PBXBuildFile section */

/* Begin PBXContainerItemProxy section */
		881C94A12068EA5A009D6A52 /* PBXContainerItemProxy */ = {
			isa = PBXContainerItemProxy;
			containerPortal = 881C94802068EA5A009D6A52 /* Project object */;
			proxyType = 1;
			remoteGlobalIDString = 881C94872068EA5A009D6A52;
			remoteInfo = HBDJProj;
		};
		881C94AC2068EA5A009D6A52 /* PBXContainerItemProxy */ = {
			isa = PBXContainerItemProxy;
			containerPortal = 881C94802068EA5A009D6A52 /* Project object */;
			proxyType = 1;
			remoteGlobalIDString = 881C94872068EA5A009D6A52;
			remoteInfo = HBDJProj;
		};
/* End PBXContainerItemProxy section */

/* Begin PBXFileReference section */
		0AD183953D101913C0C4D08C /* Pods-HBDJProjUITests.release.xcconfig */ = {isa = PBXFileReference; includeInIndex = 1; lastKnownFileType = text.xcconfig; name = "Pods-HBDJProjUITests.release.xcconfig"; path = "Pods/Target Support Files/Pods-HBDJProjUITests/Pods-HBDJProjUITests.release.xcconfig"; sourceTree = "<group>"; };
		3081BAA7F9894EDE6EB16D34 /* Pods-HBDJProjTests.debug.xcconfig */ = {isa = PBXFileReference; includeInIndex = 1; lastKnownFileType = text.xcconfig; name = "Pods-HBDJProjTests.debug.xcconfig"; path = "Pods/Target Support Files/Pods-HBDJProjTests/Pods-HBDJProjTests.debug.xcconfig"; sourceTree = "<group>"; };
		37AECC58CD5813726C23C0C6 /* Pods_HBDJProj.framework */ = {isa = PBXFileReference; explicitFileType = wrapper.framework; includeInIndex = 0; path = Pods_HBDJProj.framework; sourceTree = BUILT_PRODUCTS_DIR; };
		414464DD67B40B89AB9A01A9 /* Pods-HBDJProj.release.xcconfig */ = {isa = PBXFileReference; includeInIndex = 1; lastKnownFileType = text.xcconfig; name = "Pods-HBDJProj.release.xcconfig"; path = "Pods/Target Support Files/Pods-HBDJProj/Pods-HBDJProj.release.xcconfig"; sourceTree = "<group>"; };
		5B9F86E8014D07FA4DE6D173 /* Pods-HBDJProjTests.release.xcconfig */ = {isa = PBXFileReference; includeInIndex = 1; lastKnownFileType = text.xcconfig; name = "Pods-HBDJProjTests.release.xcconfig"; path = "Pods/Target Support Files/Pods-HBDJProjTests/Pods-HBDJProjTests.release.xcconfig"; sourceTree = "<group>"; };
		5DAB9BB351BB410846B49078 /* Pods-HBDJProj.debug.xcconfig */ = {isa = PBXFileReference; includeInIndex = 1; lastKnownFileType = text.xcconfig; name = "Pods-HBDJProj.debug.xcconfig"; path = "Pods/Target Support Files/Pods-HBDJProj/Pods-HBDJProj.debug.xcconfig"; sourceTree = "<group>"; };
		6CF8435CB5EA2F49C61CE8A9 /* Pods-HBDJProjUITests.debug.xcconfig */ = {isa = PBXFileReference; includeInIndex = 1; lastKnownFileType = text.xcconfig; name = "Pods-HBDJProjUITests.debug.xcconfig"; path = "Pods/Target Support Files/Pods-HBDJProjUITests/Pods-HBDJProjUITests.debug.xcconfig"; sourceTree = "<group>"; };
		881C94882068EA5A009D6A52 /* HBDJProj.app */ = {isa = PBXFileReference; explicitFileType = wrapper.application; includeInIndex = 0; path = HBDJProj.app; sourceTree = BUILT_PRODUCTS_DIR; };
		881C948B2068EA5A009D6A52 /* AppDelegate.h */ = {isa = PBXFileReference; lastKnownFileType = sourcecode.c.h; path = AppDelegate.h; sourceTree = "<group>"; };
		881C948C2068EA5A009D6A52 /* AppDelegate.m */ = {isa = PBXFileReference; lastKnownFileType = sourcecode.c.objc; path = AppDelegate.m; sourceTree = "<group>"; };
		881C94942068EA5A009D6A52 /* Assets.xcassets */ = {isa = PBXFileReference; lastKnownFileType = folder.assetcatalog; path = Assets.xcassets; sourceTree = "<group>"; };
		881C94992068EA5A009D6A52 /* Info.plist */ = {isa = PBXFileReference; lastKnownFileType = text.plist.xml; path = Info.plist; sourceTree = "<group>"; };
		881C949A2068EA5A009D6A52 /* main.m */ = {isa = PBXFileReference; lastKnownFileType = sourcecode.c.objc; path = main.m; sourceTree = "<group>"; };
		881C94A02068EA5A009D6A52 /* HBDJProjTests.xctest */ = {isa = PBXFileReference; explicitFileType = wrapper.cfbundle; includeInIndex = 0; path = HBDJProjTests.xctest; sourceTree = BUILT_PRODUCTS_DIR; };
		881C94A42068EA5A009D6A52 /* HBDJProjTests.m */ = {isa = PBXFileReference; lastKnownFileType = sourcecode.c.objc; path = HBDJProjTests.m; sourceTree = "<group>"; };
		881C94A62068EA5A009D6A52 /* Info.plist */ = {isa = PBXFileReference; lastKnownFileType = text.plist.xml; path = Info.plist; sourceTree = "<group>"; };
		881C94AB2068EA5A009D6A52 /* HBDJProjUITests.xctest */ = {isa = PBXFileReference; explicitFileType = wrapper.cfbundle; includeInIndex = 0; path = HBDJProjUITests.xctest; sourceTree = BUILT_PRODUCTS_DIR; };
		881C94AF2068EA5A009D6A52 /* HBDJProjUITests.m */ = {isa = PBXFileReference; lastKnownFileType = sourcecode.c.objc; path = HBDJProjUITests.m; sourceTree = "<group>"; };
		881C94B12068EA5A009D6A52 /* Info.plist */ = {isa = PBXFileReference; lastKnownFileType = text.plist.xml; path = Info.plist; sourceTree = "<group>"; };
		881C94C72068ECF3009D6A52 /* NSString+Extension.h */ = {isa = PBXFileReference; fileEncoding = 4; lastKnownFileType = sourcecode.c.h; path = "NSString+Extension.h"; sourceTree = "<group>"; };
		881C94C82068ECF3009D6A52 /* NSString+Extension.m */ = {isa = PBXFileReference; fileEncoding = 4; lastKnownFileType = sourcecode.c.objc; path = "NSString+Extension.m"; sourceTree = "<group>"; };
		881C94CA2068ECF3009D6A52 /* UIColor+Extension.h */ = {isa = PBXFileReference; fileEncoding = 4; lastKnownFileType = sourcecode.c.h; path = "UIColor+Extension.h"; sourceTree = "<group>"; };
		881C94CB2068ECF3009D6A52 /* UIColor+Extension.m */ = {isa = PBXFileReference; fileEncoding = 4; lastKnownFileType = sourcecode.c.objc; path = "UIColor+Extension.m"; sourceTree = "<group>"; };
		881C94CC2068ECF3009D6A52 /* UIImage+Extension.h */ = {isa = PBXFileReference; fileEncoding = 4; lastKnownFileType = sourcecode.c.h; path = "UIImage+Extension.h"; sourceTree = "<group>"; };
		881C94CD2068ECF3009D6A52 /* UIImage+Extension.m */ = {isa = PBXFileReference; fileEncoding = 4; lastKnownFileType = sourcecode.c.objc; path = "UIImage+Extension.m"; sourceTree = "<group>"; };
		881C94CE2068ECF3009D6A52 /* UIView+Extension.h */ = {isa = PBXFileReference; fileEncoding = 4; lastKnownFileType = sourcecode.c.h; path = "UIView+Extension.h"; sourceTree = "<group>"; };
		881C94CF2068ECF3009D6A52 /* UIView+Extension.m */ = {isa = PBXFileReference; fileEncoding = 4; lastKnownFileType = sourcecode.c.objc; path = "UIView+Extension.m"; sourceTree = "<group>"; };
		881C94D92068ED10009D6A52 /* LIGBaseRequest.h */ = {isa = PBXFileReference; fileEncoding = 4; lastKnownFileType = sourcecode.c.h; path = LIGBaseRequest.h; sourceTree = "<group>"; };
		881C94DA2068ED10009D6A52 /* LIGBaseRequest.m */ = {isa = PBXFileReference; fileEncoding = 4; lastKnownFileType = sourcecode.c.objc; path = LIGBaseRequest.m; sourceTree = "<group>"; };
		881C94DB2068ED10009D6A52 /* LIGNetworkAgent.h */ = {isa = PBXFileReference; fileEncoding = 4; lastKnownFileType = sourcecode.c.h; path = LIGNetworkAgent.h; sourceTree = "<group>"; };
		881C94DC2068ED10009D6A52 /* LIGNetworkAgent.m */ = {isa = PBXFileReference; fileEncoding = 4; lastKnownFileType = sourcecode.c.objc; path = LIGNetworkAgent.m; sourceTree = "<group>"; };
		881C94DD2068ED10009D6A52 /* LIGNetworkConfig.h */ = {isa = PBXFileReference; fileEncoding = 4; lastKnownFileType = sourcecode.c.h; path = LIGNetworkConfig.h; sourceTree = "<group>"; };
		881C94DE2068ED10009D6A52 /* LIGNetworkConfig.m */ = {isa = PBXFileReference; fileEncoding = 4; lastKnownFileType = sourcecode.c.objc; path = LIGNetworkConfig.m; sourceTree = "<group>"; };
		881C94E62068EFAA009D6A52 /* LIGMainTabBarController.h */ = {isa = PBXFileReference; lastKnownFileType = sourcecode.c.h; path = LIGMainTabBarController.h; sourceTree = "<group>"; };
		881C94E72068EFAA009D6A52 /* LIGMainTabBarController.m */ = {isa = PBXFileReference; lastKnownFileType = sourcecode.c.objc; path = LIGMainTabBarController.m; sourceTree = "<group>"; };
		881C94E92068F071009D6A52 /* HbdjPrefixHeader.pch */ = {isa = PBXFileReference; lastKnownFileType = sourcecode.c.h; path = HbdjPrefixHeader.pch; sourceTree = "<group>"; };
		8835B2A02071F8DE00722010 /* LGDefines.h */ = {isa = PBXFileReference; lastKnownFileType = sourcecode.c.h; path = LGDefines.h; sourceTree = "<group>"; };
		8835B2A12071FBE000722010 /* LGBaseViewController.h */ = {isa = PBXFileReference; lastKnownFileType = sourcecode.c.h; path = LGBaseViewController.h; sourceTree = "<group>"; };
		8835B2A22071FBE000722010 /* LGBaseViewController.m */ = {isa = PBXFileReference; lastKnownFileType = sourcecode.c.objc; path = LGBaseViewController.m; sourceTree = "<group>"; };
		8835B2A42071FBFB00722010 /* LGBaseNavigationController.h */ = {isa = PBXFileReference; lastKnownFileType = sourcecode.c.h; path = LGBaseNavigationController.h; sourceTree = "<group>"; };
		8835B2A52071FBFB00722010 /* LGBaseNavigationController.m */ = {isa = PBXFileReference; lastKnownFileType = sourcecode.c.objc; path = LGBaseNavigationController.m; sourceTree = "<group>"; };
		8835B2AA207201DD00722010 /* LGBaseTabBarController.h */ = {isa = PBXFileReference; lastKnownFileType = sourcecode.c.h; path = LGBaseTabBarController.h; sourceTree = "<group>"; };
		8835B2AB207201DD00722010 /* LGBaseTabBarController.m */ = {isa = PBXFileReference; lastKnownFileType = sourcecode.c.objc; path = LGBaseTabBarController.m; sourceTree = "<group>"; };
		8835B2BF20720A1800722010 /* LGBaseView.h */ = {isa = PBXFileReference; lastKnownFileType = sourcecode.c.h; path = LGBaseView.h; sourceTree = "<group>"; };
		8835B2C020720A1800722010 /* LGBaseView.m */ = {isa = PBXFileReference; lastKnownFileType = sourcecode.c.objc; path = LGBaseView.m; sourceTree = "<group>"; };
		8835B2C220720A2700722010 /* LGBaseModel.h */ = {isa = PBXFileReference; lastKnownFileType = sourcecode.c.h; path = LGBaseModel.h; sourceTree = "<group>"; };
		8835B2C320720A2700722010 /* LGBaseModel.m */ = {isa = PBXFileReference; lastKnownFileType = sourcecode.c.objc; path = LGBaseModel.m; sourceTree = "<group>"; };
		8835B2C820720B0200722010 /* EDJDiscoveryController.h */ = {isa = PBXFileReference; lastKnownFileType = sourcecode.c.h; path = EDJDiscoveryController.h; sourceTree = "<group>"; };
		8835B2C920720B0200722010 /* EDJDiscoveryController.m */ = {isa = PBXFileReference; lastKnownFileType = sourcecode.c.objc; path = EDJDiscoveryController.m; sourceTree = "<group>"; };
		8835B2CB20720B1500722010 /* EDJOnlineController.h */ = {isa = PBXFileReference; lastKnownFileType = sourcecode.c.h; path = EDJOnlineController.h; sourceTree = "<group>"; };
		8835B2CC20720B1500722010 /* EDJOnlineController.m */ = {isa = PBXFileReference; lastKnownFileType = sourcecode.c.objc; path = EDJOnlineController.m; sourceTree = "<group>"; };
		8835B2E720720CD800722010 /* LIGObject.h */ = {isa = PBXFileReference; lastKnownFileType = sourcecode.c.h; path = LIGObject.h; sourceTree = "<group>"; };
		8835B2E820720CD800722010 /* LIGObject.m */ = {isa = PBXFileReference; lastKnownFileType = sourcecode.c.objc; path = LIGObject.m; sourceTree = "<group>"; };
		8835B2EA20720D6000722010 /* EDJHomeViewController.h */ = {isa = PBXFileReference; lastKnownFileType = sourcecode.c.h; path = EDJHomeViewController.h; sourceTree = "<group>"; };
		8835B2EB20720D6000722010 /* EDJHomeViewController.m */ = {isa = PBXFileReference; lastKnownFileType = sourcecode.c.objc; path = EDJHomeViewController.m; sourceTree = "<group>"; };
		8835B2EE207211B200722010 /* EDJHomeHeaderView.h */ = {isa = PBXFileReference; lastKnownFileType = sourcecode.c.h; path = EDJHomeHeaderView.h; sourceTree = "<group>"; };
		8835B2EF207211B200722010 /* EDJHomeHeaderView.m */ = {isa = PBXFileReference; lastKnownFileType = sourcecode.c.objc; path = EDJHomeHeaderView.m; sourceTree = "<group>"; };
		8835B303207213B000722010 /* EDJMicroPSCellFooter.h */ = {isa = PBXFileReference; lastKnownFileType = sourcecode.c.h; path = EDJMicroPSCellFooter.h; sourceTree = "<group>"; };
		8835B304207213B000722010 /* EDJMicroPSCellFooter.m */ = {isa = PBXFileReference; lastKnownFileType = sourcecode.c.objc; path = EDJMicroPSCellFooter.m; sourceTree = "<group>"; };
		8835B30C2072143300722010 /* EDJMicroPartyLessonCell.h */ = {isa = PBXFileReference; lastKnownFileType = sourcecode.c.h; path = EDJMicroPartyLessonCell.h; sourceTree = "<group>"; };
		8835B30D2072143300722010 /* EDJMicroPartyLessonCell.m */ = {isa = PBXFileReference; lastKnownFileType = sourcecode.c.objc; path = EDJMicroPartyLessonCell.m; sourceTree = "<group>"; };
		8835B312207216DA00722010 /* EDJHomeNav.m */ = {isa = PBXFileReference; fileEncoding = 4; lastKnownFileType = sourcecode.c.objc; path = EDJHomeNav.m; sourceTree = "<group>"; };
		8835B313207216DA00722010 /* EDJHomeNav.h */ = {isa = PBXFileReference; fileEncoding = 4; lastKnownFileType = sourcecode.c.h; path = EDJHomeNav.h; sourceTree = "<group>"; };
		8835B3152072189D00722010 /* LGBaseButton.h */ = {isa = PBXFileReference; lastKnownFileType = sourcecode.c.h; path = LGBaseButton.h; sourceTree = "<group>"; };
		8835B3162072189D00722010 /* LGBaseButton.m */ = {isa = PBXFileReference; lastKnownFileType = sourcecode.c.objc; path = LGBaseButton.m; sourceTree = "<group>"; };
		8835B31B2072256A00722010 /* LBCConstant.h */ = {isa = PBXFileReference; lastKnownFileType = sourcecode.c.h; path = LBCConstant.h; sourceTree = "<group>"; };
		8835B36320732D9C00722010 /* EDJMicroPartyLessionViewController.h */ = {isa = PBXFileReference; lastKnownFileType = sourcecode.c.h; path = EDJMicroPartyLessionViewController.h; sourceTree = "<group>"; };
		8835B36420732D9C00722010 /* EDJMicroPartyLessionViewController.m */ = {isa = PBXFileReference; lastKnownFileType = sourcecode.c.objc; path = EDJMicroPartyLessionViewController.m; sourceTree = "<group>"; };
		8835B36920732DB900722010 /* EDJDigitalReadViewController.h */ = {isa = PBXFileReference; lastKnownFileType = sourcecode.c.h; path = EDJDigitalReadViewController.h; sourceTree = "<group>"; };
		8835B36A20732DB900722010 /* EDJDigitalReadViewController.m */ = {isa = PBXFileReference; lastKnownFileType = sourcecode.c.objc; path = EDJDigitalReadViewController.m; sourceTree = "<group>"; };
		88397812207F56D700F3D131 /* UCPersonInfoModel.h */ = {isa = PBXFileReference; lastKnownFileType = sourcecode.c.h; path = UCPersonInfoModel.h; sourceTree = "<group>"; };
		88397813207F56D700F3D131 /* UCPersonInfoModel.m */ = {isa = PBXFileReference; lastKnownFileType = sourcecode.c.objc; path = UCPersonInfoModel.m; sourceTree = "<group>"; };
		88397815207F592700F3D131 /* UCPersonInfoTableViewCell.h */ = {isa = PBXFileReference; lastKnownFileType = sourcecode.c.h; path = UCPersonInfoTableViewCell.h; sourceTree = "<group>"; };
		88397816207F592700F3D131 /* UCPersonInfoTableViewCell.m */ = {isa = PBXFileReference; lastKnownFileType = sourcecode.c.objc; path = UCPersonInfoTableViewCell.m; sourceTree = "<group>"; };
		884311EF2084B80C00321F84 /* LGSegmentControl.h */ = {isa = PBXFileReference; fileEncoding = 4; lastKnownFileType = sourcecode.c.h; path = LGSegmentControl.h; sourceTree = "<group>"; };
		884311F02084B80C00321F84 /* LGSegmentControl.m */ = {isa = PBXFileReference; fileEncoding = 4; lastKnownFileType = sourcecode.c.objc; path = LGSegmentControl.m; sourceTree = "<group>"; };
		8843124A2085E60F00321F84 /* EDJLevelInfoViewController.h */ = {isa = PBXFileReference; lastKnownFileType = sourcecode.c.h; path = EDJLevelInfoViewController.h; sourceTree = "<group>"; };
		8843124B2085E60F00321F84 /* EDJLevelInfoViewController.m */ = {isa = PBXFileReference; lastKnownFileType = sourcecode.c.objc; path = EDJLevelInfoViewController.m; sourceTree = "<group>"; };
		8843124D2085ED6300321F84 /* UIViewController+LGBaseSettings.h */ = {isa = PBXFileReference; lastKnownFileType = sourcecode.c.h; path = "UIViewController+LGBaseSettings.h"; sourceTree = "<group>"; };
		8843124E2085ED6300321F84 /* UIViewController+LGBaseSettings.m */ = {isa = PBXFileReference; lastKnownFileType = sourcecode.c.objc; path = "UIViewController+LGBaseSettings.m"; sourceTree = "<group>"; };
		884312A62086ED1200321F84 /* EDJLevelInfoFlowLayout.h */ = {isa = PBXFileReference; lastKnownFileType = sourcecode.c.h; path = EDJLevelInfoFlowLayout.h; sourceTree = "<group>"; };
		884312A72086ED1200321F84 /* EDJLevelInfoFlowLayout.m */ = {isa = PBXFileReference; lastKnownFileType = sourcecode.c.objc; path = EDJLevelInfoFlowLayout.m; sourceTree = "<group>"; };
		884312AA2086F2D400321F84 /* EDJLeverInfoHeader.xib */ = {isa = PBXFileReference; lastKnownFileType = file.xib; path = EDJLeverInfoHeader.xib; sourceTree = "<group>"; };
		884312AC2086F2EC00321F84 /* EDJLeverInfoHeaderView.h */ = {isa = PBXFileReference; lastKnownFileType = sourcecode.c.h; path = EDJLeverInfoHeaderView.h; sourceTree = "<group>"; };
		884312AD2086F2EC00321F84 /* EDJLeverInfoHeaderView.m */ = {isa = PBXFileReference; lastKnownFileType = sourcecode.c.objc; path = EDJLeverInfoHeaderView.m; sourceTree = "<group>"; };
		884312B0208721F400321F84 /* LGBaseTableViewController.h */ = {isa = PBXFileReference; lastKnownFileType = sourcecode.c.h; path = LGBaseTableViewController.h; sourceTree = "<group>"; };
		884312B1208721F400321F84 /* LGBaseTableViewController.m */ = {isa = PBXFileReference; lastKnownFileType = sourcecode.c.objc; path = LGBaseTableViewController.m; sourceTree = "<group>"; };
		884312B32087222600321F84 /* EDJLevelInsTableViewController.h */ = {isa = PBXFileReference; lastKnownFileType = sourcecode.c.h; path = EDJLevelInsTableViewController.h; sourceTree = "<group>"; };
		884312B42087222600321F84 /* EDJLevelInsTableViewController.m */ = {isa = PBXFileReference; lastKnownFileType = sourcecode.c.objc; path = EDJLevelInsTableViewController.m; sourceTree = "<group>"; };
		884312B9208725C900321F84 /* EDJTodayScoreViewController.h */ = {isa = PBXFileReference; lastKnownFileType = sourcecode.c.h; path = EDJTodayScoreViewController.h; sourceTree = "<group>"; };
		884312BA208725C900321F84 /* EDJTodayScoreViewController.m */ = {isa = PBXFileReference; lastKnownFileType = sourcecode.c.objc; path = EDJTodayScoreViewController.m; sourceTree = "<group>"; };
		884312BC20872ED400321F84 /* EDJModifiPwdViewController.h */ = {isa = PBXFileReference; lastKnownFileType = sourcecode.c.h; path = EDJModifiPwdViewController.h; sourceTree = "<group>"; };
		884312BD20872ED400321F84 /* EDJModifiPwdViewController.m */ = {isa = PBXFileReference; lastKnownFileType = sourcecode.c.objc; path = EDJModifiPwdViewController.m; sourceTree = "<group>"; };
		884312BF208733F400321F84 /* EDJConfirmPwdViewController.h */ = {isa = PBXFileReference; lastKnownFileType = sourcecode.c.h; path = EDJConfirmPwdViewController.h; sourceTree = "<group>"; };
		884312C0208733F400321F84 /* EDJConfirmPwdViewController.m */ = {isa = PBXFileReference; lastKnownFileType = sourcecode.c.objc; path = EDJConfirmPwdViewController.m; sourceTree = "<group>"; };
		884312C3208737BF00321F84 /* UCMsgTableViewController.h */ = {isa = PBXFileReference; lastKnownFileType = sourcecode.c.h; path = UCMsgTableViewController.h; sourceTree = "<group>"; };
		884312C4208737BF00321F84 /* UCMsgTableViewController.m */ = {isa = PBXFileReference; lastKnownFileType = sourcecode.c.objc; path = UCMsgTableViewController.m; sourceTree = "<group>"; };
		884312C6208737EF00321F84 /* UCMsgModel.h */ = {isa = PBXFileReference; lastKnownFileType = sourcecode.c.h; path = UCMsgModel.h; sourceTree = "<group>"; };
		884312C7208737EF00321F84 /* UCMsgModel.m */ = {isa = PBXFileReference; lastKnownFileType = sourcecode.c.objc; path = UCMsgModel.m; sourceTree = "<group>"; };
		884312C92087380700321F84 /* UCMsgTableViewCell.h */ = {isa = PBXFileReference; lastKnownFileType = sourcecode.c.h; path = UCMsgTableViewCell.h; sourceTree = "<group>"; };
		884312CA2087380700321F84 /* UCMsgTableViewCell.m */ = {isa = PBXFileReference; lastKnownFileType = sourcecode.c.objc; path = UCMsgTableViewCell.m; sourceTree = "<group>"; };
		884312CC2087380E00321F84 /* UCMsgTableViewCell.xib */ = {isa = PBXFileReference; lastKnownFileType = file.xib; path = UCMsgTableViewCell.xib; sourceTree = "<group>"; };
		884312D220873B2800321F84 /* UCSettingViewController.h */ = {isa = PBXFileReference; lastKnownFileType = sourcecode.c.h; path = UCSettingViewController.h; sourceTree = "<group>"; };
		884312D320873B2800321F84 /* UCSettingViewController.m */ = {isa = PBXFileReference; lastKnownFileType = sourcecode.c.objc; path = UCSettingViewController.m; sourceTree = "<group>"; };
		884312D520873B6900321F84 /* UCSetting.plist */ = {isa = PBXFileReference; lastKnownFileType = text.plist.xml; path = UCSetting.plist; sourceTree = "<group>"; };
		884312D720873C1B00321F84 /* UCSettingTableViewCell.h */ = {isa = PBXFileReference; lastKnownFileType = sourcecode.c.h; path = UCSettingTableViewCell.h; sourceTree = "<group>"; };
		884312D820873C1B00321F84 /* UCSettingTableViewCell.m */ = {isa = PBXFileReference; lastKnownFileType = sourcecode.c.objc; path = UCSettingTableViewCell.m; sourceTree = "<group>"; };
		884312DA2087402200321F84 /* UCSettingModel.h */ = {isa = PBXFileReference; lastKnownFileType = sourcecode.c.h; path = UCSettingModel.h; sourceTree = "<group>"; };
		884312DB2087402200321F84 /* UCSettingModel.m */ = {isa = PBXFileReference; lastKnownFileType = sourcecode.c.objc; path = UCSettingModel.m; sourceTree = "<group>"; };
		884312DE2089785900321F84 /* UCHelpFadebackViewController.h */ = {isa = PBXFileReference; lastKnownFileType = sourcecode.c.h; path = UCHelpFadebackViewController.h; sourceTree = "<group>"; };
		884312DF2089785900321F84 /* UCHelpFadebackViewController.m */ = {isa = PBXFileReference; lastKnownFileType = sourcecode.c.objc; path = UCHelpFadebackViewController.m; sourceTree = "<group>"; };
		884312E12089879C00321F84 /* UCHelpFadebackTableViewCell.h */ = {isa = PBXFileReference; lastKnownFileType = sourcecode.c.h; path = UCHelpFadebackTableViewCell.h; sourceTree = "<group>"; };
		884312E22089879C00321F84 /* UCHelpFadebackTableViewCell.m */ = {isa = PBXFileReference; lastKnownFileType = sourcecode.c.objc; path = UCHelpFadebackTableViewCell.m; sourceTree = "<group>"; };
		884312E4208987F100321F84 /* UCHelpFadebackModel.h */ = {isa = PBXFileReference; lastKnownFileType = sourcecode.c.h; path = UCHelpFadebackModel.h; sourceTree = "<group>"; };
		884312E5208987F100321F84 /* UCHelpFadebackModel.m */ = {isa = PBXFileReference; lastKnownFileType = sourcecode.c.objc; path = UCHelpFadebackModel.m; sourceTree = "<group>"; };
		884312E72089990C00321F84 /* UCWriteFeedbackViewController.h */ = {isa = PBXFileReference; lastKnownFileType = sourcecode.c.h; path = UCWriteFeedbackViewController.h; sourceTree = "<group>"; };
		884312E82089990C00321F84 /* UCWriteFeedbackViewController.m */ = {isa = PBXFileReference; lastKnownFileType = sourcecode.c.objc; path = UCWriteFeedbackViewController.m; sourceTree = "<group>"; };
		884312EA2089BC7D00321F84 /* UCMyFeedbackViewController.h */ = {isa = PBXFileReference; lastKnownFileType = sourcecode.c.h; path = UCMyFeedbackViewController.h; sourceTree = "<group>"; };
		884312EB2089BC7D00321F84 /* UCMyFeedbackViewController.m */ = {isa = PBXFileReference; lastKnownFileType = sourcecode.c.objc; path = UCMyFeedbackViewController.m; sourceTree = "<group>"; };
		884312EE2089C25600321F84 /* LGSegmentViewController.h */ = {isa = PBXFileReference; lastKnownFileType = sourcecode.c.h; path = LGSegmentViewController.h; sourceTree = "<group>"; };
		884312EF2089C25600321F84 /* LGSegmentViewController.m */ = {isa = PBXFileReference; lastKnownFileType = sourcecode.c.objc; path = LGSegmentViewController.m; sourceTree = "<group>"; };
		884312F42089C58000321F84 /* LGSegmentView.h */ = {isa = PBXFileReference; lastKnownFileType = sourcecode.c.h; path = LGSegmentView.h; sourceTree = "<group>"; };
		884312F52089C58000321F84 /* LGSegmentView.m */ = {isa = PBXFileReference; lastKnownFileType = sourcecode.c.objc; path = LGSegmentView.m; sourceTree = "<group>"; };
		884312F72089C82800321F84 /* UCUploadViewController.h */ = {isa = PBXFileReference; lastKnownFileType = sourcecode.c.h; path = UCUploadViewController.h; sourceTree = "<group>"; };
		884312F82089C82800321F84 /* UCUploadViewController.m */ = {isa = PBXFileReference; lastKnownFileType = sourcecode.c.objc; path = UCUploadViewController.m; sourceTree = "<group>"; };
		88A470EC207B0CF2002F93E0 /* UIColor+EDJColor.h */ = {isa = PBXFileReference; lastKnownFileType = sourcecode.c.h; path = "UIColor+EDJColor.h"; sourceTree = "<group>"; };
		88A470ED207B0CF2002F93E0 /* UIColor+EDJColor.m */ = {isa = PBXFileReference; lastKnownFileType = sourcecode.c.objc; path = "UIColor+EDJColor.m"; sourceTree = "<group>"; };
		88A470F0207B5557002F93E0 /* EDJHomeDigitalsFlowLayout.h */ = {isa = PBXFileReference; lastKnownFileType = sourcecode.c.h; path = EDJHomeDigitalsFlowLayout.h; sourceTree = "<group>"; };
		88A470F1207B5557002F93E0 /* EDJHomeDigitalsFlowLayout.m */ = {isa = PBXFileReference; lastKnownFileType = sourcecode.c.objc; path = EDJHomeDigitalsFlowLayout.m; sourceTree = "<group>"; };
		88A470F8207C8614002F93E0 /* LGImageView.h */ = {isa = PBXFileReference; lastKnownFileType = sourcecode.c.h; path = LGImageView.h; sourceTree = "<group>"; };
		88A470F9207C8615002F93E0 /* LGImageView.m */ = {isa = PBXFileReference; lastKnownFileType = sourcecode.c.objc; path = LGImageView.m; sourceTree = "<group>"; };
		88A470FB207C8CBD002F93E0 /* EDJMicroPSCellHeader.h */ = {isa = PBXFileReference; lastKnownFileType = sourcecode.c.h; path = EDJMicroPSCellHeader.h; sourceTree = "<group>"; };
		88A470FC207C8CBD002F93E0 /* EDJMicroPSCellHeader.m */ = {isa = PBXFileReference; lastKnownFileType = sourcecode.c.objc; path = EDJMicroPSCellHeader.m; sourceTree = "<group>"; };
		88A470FE207DA161002F93E0 /* EDJMicroBuildModel.h */ = {isa = PBXFileReference; lastKnownFileType = sourcecode.c.h; path = EDJMicroBuildModel.h; sourceTree = "<group>"; };
		88A470FF207DA161002F93E0 /* EDJMicroBuildModel.m */ = {isa = PBXFileReference; lastKnownFileType = sourcecode.c.objc; path = EDJMicroBuildModel.m; sourceTree = "<group>"; };
		88A47103207DB266002F93E0 /* EDJMicroBuildCell.h */ = {isa = PBXFileReference; lastKnownFileType = sourcecode.c.h; path = EDJMicroBuildCell.h; sourceTree = "<group>"; };
		88A47104207DB266002F93E0 /* EDJMicroBuildCell.m */ = {isa = PBXFileReference; lastKnownFileType = sourcecode.c.objc; path = EDJMicroBuildCell.m; sourceTree = "<group>"; };
		88A47107207DBE00002F93E0 /* EDJMicroBuildNoImgCell.h */ = {isa = PBXFileReference; lastKnownFileType = sourcecode.c.h; path = EDJMicroBuildNoImgCell.h; sourceTree = "<group>"; };
		88A47108207DBE00002F93E0 /* EDJMicroBuildNoImgCell.m */ = {isa = PBXFileReference; lastKnownFileType = sourcecode.c.objc; path = EDJMicroBuildNoImgCell.m; sourceTree = "<group>"; };
		88A4710A207DBE08002F93E0 /* EDJMicroBuildNoImgCell.xib */ = {isa = PBXFileReference; lastKnownFileType = file.xib; path = EDJMicroBuildNoImgCell.xib; sourceTree = "<group>"; };
		88A4710C207DBE1F002F93E0 /* EDJMicroBuildOneImgCell.h */ = {isa = PBXFileReference; lastKnownFileType = sourcecode.c.h; path = EDJMicroBuildOneImgCell.h; sourceTree = "<group>"; };
		88A4710D207DBE1F002F93E0 /* EDJMicroBuildOneImgCell.m */ = {isa = PBXFileReference; lastKnownFileType = sourcecode.c.objc; path = EDJMicroBuildOneImgCell.m; sourceTree = "<group>"; };
		88A4710F207DBE26002F93E0 /* EDJMicroBuildOneImgCell.xib */ = {isa = PBXFileReference; lastKnownFileType = file.xib; path = EDJMicroBuildOneImgCell.xib; sourceTree = "<group>"; };
		88A47111207DBE33002F93E0 /* EDJMicroBuildThreeImgCell.h */ = {isa = PBXFileReference; lastKnownFileType = sourcecode.c.h; path = EDJMicroBuildThreeImgCell.h; sourceTree = "<group>"; };
		88A47112207DBE33002F93E0 /* EDJMicroBuildThreeImgCell.m */ = {isa = PBXFileReference; lastKnownFileType = sourcecode.c.objc; path = EDJMicroBuildThreeImgCell.m; sourceTree = "<group>"; };
		88A47114207DBE3B002F93E0 /* EDJMicroBuildThreeImgCell.xib */ = {isa = PBXFileReference; lastKnownFileType = file.xib; path = EDJMicroBuildThreeImgCell.xib; sourceTree = "<group>"; };
		88A47116207DDCC3002F93E0 /* EDJMicroPartyLessonHeaderCell.h */ = {isa = PBXFileReference; lastKnownFileType = sourcecode.c.h; path = EDJMicroPartyLessonHeaderCell.h; sourceTree = "<group>"; };
		88A47117207DDCC3002F93E0 /* EDJMicroPartyLessonHeaderCell.m */ = {isa = PBXFileReference; lastKnownFileType = sourcecode.c.objc; path = EDJMicroPartyLessonHeaderCell.m; sourceTree = "<group>"; };
		88A47119207DDCCA002F93E0 /* EDJMicroPartyLessonHeaderCell.xib */ = {isa = PBXFileReference; lastKnownFileType = file.xib; path = EDJMicroPartyLessonHeaderCell.xib; sourceTree = "<group>"; };
		88A4711B207DE00F002F93E0 /* LGBaseTableViewCell.h */ = {isa = PBXFileReference; lastKnownFileType = sourcecode.c.h; path = LGBaseTableViewCell.h; sourceTree = "<group>"; };
		88A4711C207DE00F002F93E0 /* LGBaseTableViewCell.m */ = {isa = PBXFileReference; lastKnownFileType = sourcecode.c.objc; path = LGBaseTableViewCell.m; sourceTree = "<group>"; };
		88A47121207DF342002F93E0 /* EDJOnlineViewController.h */ = {isa = PBXFileReference; lastKnownFileType = sourcecode.c.h; path = EDJOnlineViewController.h; sourceTree = "<group>"; };
		88A47122207DF342002F93E0 /* EDJOnlineViewController.m */ = {isa = PBXFileReference; lastKnownFileType = sourcecode.c.objc; path = EDJOnlineViewController.m; sourceTree = "<group>"; };
		88A47126207DF94C002F93E0 /* EDJOnlineFlowLayout.h */ = {isa = PBXFileReference; lastKnownFileType = sourcecode.c.h; path = EDJOnlineFlowLayout.h; sourceTree = "<group>"; };
		88A47127207DF94C002F93E0 /* EDJOnlineFlowLayout.m */ = {isa = PBXFileReference; lastKnownFileType = sourcecode.c.objc; path = EDJOnlineFlowLayout.m; sourceTree = "<group>"; };
		88A47129207E02D4002F93E0 /* UserCenter.storyboard */ = {isa = PBXFileReference; lastKnownFileType = file.storyboard; path = UserCenter.storyboard; sourceTree = "<group>"; };
		88A4712B207EEB91002F93E0 /* UIViewController+Extension.h */ = {isa = PBXFileReference; lastKnownFileType = sourcecode.c.h; path = "UIViewController+Extension.h"; sourceTree = "<group>"; };
		88A4712C207EEB91002F93E0 /* UIViewController+Extension.m */ = {isa = PBXFileReference; lastKnownFileType = sourcecode.c.objc; path = "UIViewController+Extension.m"; sourceTree = "<group>"; };
		88A4712E207EF58B002F93E0 /* EDJUserCenterHomePageCell.h */ = {isa = PBXFileReference; lastKnownFileType = sourcecode.c.h; path = EDJUserCenterHomePageCell.h; sourceTree = "<group>"; };
		88A4712F207EF58B002F93E0 /* EDJUserCenterHomePageCell.m */ = {isa = PBXFileReference; lastKnownFileType = sourcecode.c.objc; path = EDJUserCenterHomePageCell.m; sourceTree = "<group>"; };
		88A47131207EF5EB002F93E0 /* EDJUserCenterHomePageModel.h */ = {isa = PBXFileReference; lastKnownFileType = sourcecode.c.h; path = EDJUserCenterHomePageModel.h; sourceTree = "<group>"; };
		88A47132207EF5EB002F93E0 /* EDJUserCenterHomePageModel.m */ = {isa = PBXFileReference; lastKnownFileType = sourcecode.c.objc; path = EDJUserCenterHomePageModel.m; sourceTree = "<group>"; };
		88A47136207F06D3002F93E0 /* UserCenterHomeForm.plist */ = {isa = PBXFileReference; lastKnownFileType = text.plist.xml; path = UserCenterHomeForm.plist; sourceTree = "<group>"; };
		88A47138207F0C74002F93E0 /* EDJUserCenterHomePageCell.xib */ = {isa = PBXFileReference; lastKnownFileType = file.xib; path = EDJUserCenterHomePageCell.xib; sourceTree = "<group>"; };
		88A4713B207F320F002F93E0 /* LGSpecificButton.h */ = {isa = PBXFileReference; fileEncoding = 4; lastKnownFileType = sourcecode.c.h; path = LGSpecificButton.h; sourceTree = "<group>"; };
		88A4713C207F320F002F93E0 /* LGSpecificButton.m */ = {isa = PBXFileReference; fileEncoding = 4; lastKnownFileType = sourcecode.c.objc; path = LGSpecificButton.m; sourceTree = "<group>"; };
		88A47140207F5242002F93E0 /* UCPersonInfoViewController.h */ = {isa = PBXFileReference; lastKnownFileType = sourcecode.c.h; path = UCPersonInfoViewController.h; sourceTree = "<group>"; };
		88A47141207F5242002F93E0 /* UCPersonInfoViewController.m */ = {isa = PBXFileReference; lastKnownFileType = sourcecode.c.objc; path = UCPersonInfoViewController.m; sourceTree = "<group>"; };
		88D0337F2079EB5800665D2F /* EDJDiscoveryViewController.h */ = {isa = PBXFileReference; lastKnownFileType = sourcecode.c.h; path = EDJDiscoveryViewController.h; sourceTree = "<group>"; };
		88D033802079EB5800665D2F /* EDJDiscoveryViewController.m */ = {isa = PBXFileReference; lastKnownFileType = sourcecode.c.objc; path = EDJDiscoveryViewController.m; sourceTree = "<group>"; };
		88D033852079EB8600665D2F /* EDJUserCenterViewController.h */ = {isa = PBXFileReference; lastKnownFileType = sourcecode.c.h; path = EDJUserCenterViewController.h; sourceTree = "<group>"; };
		88D033862079EB8600665D2F /* EDJUserCenterViewController.m */ = {isa = PBXFileReference; lastKnownFileType = sourcecode.c.objc; path = EDJUserCenterViewController.m; sourceTree = "<group>"; };
		A115F1196D08C530AC251368 /* Pods_HBDJProjUITests.framework */ = {isa = PBXFileReference; explicitFileType = wrapper.framework; includeInIndex = 0; path = Pods_HBDJProjUITests.framework; sourceTree = BUILT_PRODUCTS_DIR; };
		AF050835017E753BB5C873ED /* Pods_HBDJProjTests.framework */ = {isa = PBXFileReference; explicitFileType = wrapper.framework; includeInIndex = 0; path = Pods_HBDJProjTests.framework; sourceTree = BUILT_PRODUCTS_DIR; };
/* End PBXFileReference section */

/* Begin PBXFrameworksBuildPhase section */
		881C94852068EA5A009D6A52 /* Frameworks */ = {
			isa = PBXFrameworksBuildPhase;
			buildActionMask = 2147483647;
			files = (
				2C7C7E86E82AEAEDF7230796 /* Pods_HBDJProj.framework in Frameworks */,
			);
			runOnlyForDeploymentPostprocessing = 0;
		};
		881C949D2068EA5A009D6A52 /* Frameworks */ = {
			isa = PBXFrameworksBuildPhase;
			buildActionMask = 2147483647;
			files = (
				C0720625B915A7E18499AE5F /* Pods_HBDJProjTests.framework in Frameworks */,
			);
			runOnlyForDeploymentPostprocessing = 0;
		};
		881C94A82068EA5A009D6A52 /* Frameworks */ = {
			isa = PBXFrameworksBuildPhase;
			buildActionMask = 2147483647;
			files = (
				14120FADAE17F79542DF37A5 /* Pods_HBDJProjUITests.framework in Frameworks */,
			);
			runOnlyForDeploymentPostprocessing = 0;
		};
/* End PBXFrameworksBuildPhase section */

/* Begin PBXGroup section */
		43C6D71BB68173153DFCB4B3 /* Frameworks */ = {
			isa = PBXGroup;
			children = (
				37AECC58CD5813726C23C0C6 /* Pods_HBDJProj.framework */,
				AF050835017E753BB5C873ED /* Pods_HBDJProjTests.framework */,
				A115F1196D08C530AC251368 /* Pods_HBDJProjUITests.framework */,
			);
			name = Frameworks;
			sourceTree = "<group>";
		};
		881C947F2068EA5A009D6A52 = {
			isa = PBXGroup;
			children = (
				881C948A2068EA5A009D6A52 /* HBDJProj */,
				881C94A32068EA5A009D6A52 /* HBDJProjTests */,
				881C94AE2068EA5A009D6A52 /* HBDJProjUITests */,
				881C94892068EA5A009D6A52 /* Products */,
				DE454A27ADB38385BB3B899B /* Pods */,
				43C6D71BB68173153DFCB4B3 /* Frameworks */,
			);
			sourceTree = "<group>";
		};
		881C94892068EA5A009D6A52 /* Products */ = {
			isa = PBXGroup;
			children = (
				881C94882068EA5A009D6A52 /* HBDJProj.app */,
				881C94A02068EA5A009D6A52 /* HBDJProjTests.xctest */,
				881C94AB2068EA5A009D6A52 /* HBDJProjUITests.xctest */,
			);
			name = Products;
			sourceTree = "<group>";
		};
		881C948A2068EA5A009D6A52 /* HBDJProj */ = {
			isa = PBXGroup;
			children = (
				881C94BF2068EC6D009D6A52 /* Classes */,
				881C94BE2068EC61009D6A52 /* Public */,
				881C94BD2068EA6E009D6A52 /* SupportingFiles */,
			);
			path = HBDJProj;
			sourceTree = "<group>";
		};
		881C94A32068EA5A009D6A52 /* HBDJProjTests */ = {
			isa = PBXGroup;
			children = (
				881C94A42068EA5A009D6A52 /* HBDJProjTests.m */,
				881C94A62068EA5A009D6A52 /* Info.plist */,
			);
			path = HBDJProjTests;
			sourceTree = "<group>";
		};
		881C94AE2068EA5A009D6A52 /* HBDJProjUITests */ = {
			isa = PBXGroup;
			children = (
				881C94AF2068EA5A009D6A52 /* HBDJProjUITests.m */,
				881C94B12068EA5A009D6A52 /* Info.plist */,
			);
			path = HBDJProjUITests;
			sourceTree = "<group>";
		};
		881C94BD2068EA6E009D6A52 /* SupportingFiles */ = {
			isa = PBXGroup;
			children = (
				881C948B2068EA5A009D6A52 /* AppDelegate.h */,
				881C948C2068EA5A009D6A52 /* AppDelegate.m */,
				881C94942068EA5A009D6A52 /* Assets.xcassets */,
				881C94992068EA5A009D6A52 /* Info.plist */,
				881C949A2068EA5A009D6A52 /* main.m */,
			);
			path = SupportingFiles;
			sourceTree = "<group>";
		};
		881C94BE2068EC61009D6A52 /* Public */ = {
			isa = PBXGroup;
			children = (
				88A4713A207F31E1002F93E0 /* specific */,
				881C94C52068ECB9009D6A52 /* ThirdParty */,
				881C94C42068ECB4009D6A52 /* Other */,
				881C94C32068ECA5009D6A52 /* BaseObject */,
				881C94C22068EC96009D6A52 /* Catagory */,
				881C94C12068EC8D009D6A52 /* Tool */,
				881C94C02068EC87009D6A52 /* Header */,
			);
			path = Public;
			sourceTree = "<group>";
		};
		881C94BF2068EC6D009D6A52 /* Classes */ = {
			isa = PBXGroup;
			children = (
				8835B2ED20720F3500722010 /* Other */,
				881C94E52068EF81009D6A52 /* Main */,
				881C94EA2068F362009D6A52 /* Home */,
				881C94EC2068F380009D6A52 /* Discovery */,
				881C94EB2068F36D009D6A52 /* Online */,
				881C94ED2068F3B0009D6A52 /* User */,
			);
			path = Classes;
			sourceTree = "<group>";
		};
		881C94C02068EC87009D6A52 /* Header */ = {
			isa = PBXGroup;
			children = (
				881C94E92068F071009D6A52 /* HbdjPrefixHeader.pch */,
				8835B2A02071F8DE00722010 /* LGDefines.h */,
				8835B31B2072256A00722010 /* LBCConstant.h */,
			);
			path = Header;
			sourceTree = "<group>";
		};
		881C94C12068EC8D009D6A52 /* Tool */ = {
			isa = PBXGroup;
			children = (
				881C94D72068ED10009D6A52 /* Manager */,
			);
			path = Tool;
			sourceTree = "<group>";
		};
		881C94C22068EC96009D6A52 /* Catagory */ = {
			isa = PBXGroup;
			children = (
				881C94C62068ECF3009D6A52 /* NSCatagory */,
				881C94C92068ECF3009D6A52 /* UICatagory */,
			);
			path = Catagory;
			sourceTree = "<group>";
		};
		881C94C32068ECA5009D6A52 /* BaseObject */ = {
			isa = PBXGroup;
			children = (
				8835B2E620720C7100722010 /* Other */,
				881C94E22068EDC7009D6A52 /* BaseModel */,
				881C94E42068EDC7009D6A52 /* BaseView */,
				881C94E32068EDC7009D6A52 /* BaseViewController */,
			);
			path = BaseObject;
			sourceTree = "<group>";
		};
		881C94C42068ECB4009D6A52 /* Other */ = {
			isa = PBXGroup;
			children = (
				884312F22089C54300321F84 /* LGSegment */,
			);
			path = Other;
			sourceTree = "<group>";
		};
		881C94C52068ECB9009D6A52 /* ThirdParty */ = {
			isa = PBXGroup;
			children = (
			);
			path = ThirdParty;
			sourceTree = "<group>";
		};
		881C94C62068ECF3009D6A52 /* NSCatagory */ = {
			isa = PBXGroup;
			children = (
				881C94C72068ECF3009D6A52 /* NSString+Extension.h */,
				881C94C82068ECF3009D6A52 /* NSString+Extension.m */,
			);
			path = NSCatagory;
			sourceTree = "<group>";
		};
		881C94C92068ECF3009D6A52 /* UICatagory */ = {
			isa = PBXGroup;
			children = (
				881C94CA2068ECF3009D6A52 /* UIColor+Extension.h */,
				881C94CB2068ECF3009D6A52 /* UIColor+Extension.m */,
				881C94CC2068ECF3009D6A52 /* UIImage+Extension.h */,
				881C94CD2068ECF3009D6A52 /* UIImage+Extension.m */,
				881C94CE2068ECF3009D6A52 /* UIView+Extension.h */,
				881C94CF2068ECF3009D6A52 /* UIView+Extension.m */,
				88A4712B207EEB91002F93E0 /* UIViewController+Extension.h */,
				88A4712C207EEB91002F93E0 /* UIViewController+Extension.m */,
			);
			path = UICatagory;
			sourceTree = "<group>";
		};
		881C94D72068ED10009D6A52 /* Manager */ = {
			isa = PBXGroup;
			children = (
				881C94D82068ED10009D6A52 /* LIGNetwork */,
			);
			path = Manager;
			sourceTree = "<group>";
		};
		881C94D82068ED10009D6A52 /* LIGNetwork */ = {
			isa = PBXGroup;
			children = (
				881C94D92068ED10009D6A52 /* LIGBaseRequest.h */,
				881C94DA2068ED10009D6A52 /* LIGBaseRequest.m */,
				881C94DB2068ED10009D6A52 /* LIGNetworkAgent.h */,
				881C94DC2068ED10009D6A52 /* LIGNetworkAgent.m */,
				881C94DD2068ED10009D6A52 /* LIGNetworkConfig.h */,
				881C94DE2068ED10009D6A52 /* LIGNetworkConfig.m */,
			);
			path = LIGNetwork;
			sourceTree = "<group>";
		};
		881C94E22068EDC7009D6A52 /* BaseModel */ = {
			isa = PBXGroup;
			children = (
				8835B2C220720A2700722010 /* LGBaseModel.h */,
				8835B2C320720A2700722010 /* LGBaseModel.m */,
			);
			path = BaseModel;
			sourceTree = "<group>";
		};
		881C94E32068EDC7009D6A52 /* BaseViewController */ = {
			isa = PBXGroup;
			children = (
				8835B2A12071FBE000722010 /* LGBaseViewController.h */,
				8835B2A22071FBE000722010 /* LGBaseViewController.m */,
				884312B0208721F400321F84 /* LGBaseTableViewController.h */,
				884312B1208721F400321F84 /* LGBaseTableViewController.m */,
				8835B2A42071FBFB00722010 /* LGBaseNavigationController.h */,
				8835B2A52071FBFB00722010 /* LGBaseNavigationController.m */,
				8835B2AA207201DD00722010 /* LGBaseTabBarController.h */,
				8835B2AB207201DD00722010 /* LGBaseTabBarController.m */,
				8843124D2085ED6300321F84 /* UIViewController+LGBaseSettings.h */,
				8843124E2085ED6300321F84 /* UIViewController+LGBaseSettings.m */,
			);
			path = BaseViewController;
			sourceTree = "<group>";
		};
		881C94E42068EDC7009D6A52 /* BaseView */ = {
			isa = PBXGroup;
			children = (
				8835B2BF20720A1800722010 /* LGBaseView.h */,
				8835B2C020720A1800722010 /* LGBaseView.m */,
				8835B3152072189D00722010 /* LGBaseButton.h */,
				8835B3162072189D00722010 /* LGBaseButton.m */,
				88A4711B207DE00F002F93E0 /* LGBaseTableViewCell.h */,
				88A4711C207DE00F002F93E0 /* LGBaseTableViewCell.m */,
				88A470F8207C8614002F93E0 /* LGImageView.h */,
				88A470F9207C8615002F93E0 /* LGImageView.m */,
			);
			path = BaseView;
			sourceTree = "<group>";
		};
		881C94E52068EF81009D6A52 /* Main */ = {
			isa = PBXGroup;
			children = (
				881C94E62068EFAA009D6A52 /* LIGMainTabBarController.h */,
				881C94E72068EFAA009D6A52 /* LIGMainTabBarController.m */,
			);
			path = Main;
			sourceTree = "<group>";
		};
		881C94EA2068F362009D6A52 /* Home */ = {
			isa = PBXGroup;
			children = (
				88A47124207DF7CC002F93E0 /* Other */,
				8835B2BE207209F600722010 /* Model */,
				8835B2BD207209EF00722010 /* Controller */,
				8835B2BC207209EA00722010 /* View */,
			);
			path = Home;
			sourceTree = "<group>";
		};
		881C94EB2068F36D009D6A52 /* Online */ = {
			isa = PBXGroup;
			children = (
				88A47125207DF921002F93E0 /* Ohter */,
				8835B2DA20720B7000722010 /* Controller */,
				8835B2DB20720B7000722010 /* Model */,
				8835B2DC20720B7000722010 /* View */,
			);
			path = Online;
			sourceTree = "<group>";
		};
		881C94EC2068F380009D6A52 /* Discovery */ = {
			isa = PBXGroup;
			children = (
				8835B2C820720B0200722010 /* EDJDiscoveryController.h */,
				8835B2C920720B0200722010 /* EDJDiscoveryController.m */,
				8835B2D820720B6500722010 /* Controller */,
				8835B2D720720B6500722010 /* Model */,
				8835B2D420720B6500722010 /* View */,
			);
			path = Discovery;
			sourceTree = "<group>";
		};
		881C94ED2068F3B0009D6A52 /* User */ = {
			isa = PBXGroup;
			children = (
				88A4713E207F5170002F93E0 /* userMain */,
				884312ED2089C15000321F84 /* userUpload */,
				88A4713F207F51BF002F93E0 /* userPersonInfo */,
				884312422085C6B800321F84 /* userLevelInfo */,
				884312C22087379100321F84 /* userMsgCenter */,
				884312CE20873AB300321F84 /* userSetting */,
				884312DD2089781600321F84 /* userHelpFadeback */,
			);
			path = User;
			sourceTree = "<group>";
		};
		8835B2BC207209EA00722010 /* View */ = {
			isa = PBXGroup;
			children = (
				8835B2EE207211B200722010 /* EDJHomeHeaderView.h */,
				8835B2EF207211B200722010 /* EDJHomeHeaderView.m */,
				8835B313207216DA00722010 /* EDJHomeNav.h */,
				8835B312207216DA00722010 /* EDJHomeNav.m */,
				8835B2FD2072131800722010 /* cell */,
			);
			path = View;
			sourceTree = "<group>";
		};
		8835B2BD207209EF00722010 /* Controller */ = {
			isa = PBXGroup;
			children = (
				8835B2EA20720D6000722010 /* EDJHomeViewController.h */,
				8835B2EB20720D6000722010 /* EDJHomeViewController.m */,
				8835B36320732D9C00722010 /* EDJMicroPartyLessionViewController.h */,
				8835B36420732D9C00722010 /* EDJMicroPartyLessionViewController.m */,
				8835B36920732DB900722010 /* EDJDigitalReadViewController.h */,
				8835B36A20732DB900722010 /* EDJDigitalReadViewController.m */,
			);
			path = Controller;
			sourceTree = "<group>";
		};
		8835B2BE207209F600722010 /* Model */ = {
			isa = PBXGroup;
			children = (
				88A470FE207DA161002F93E0 /* EDJMicroBuildModel.h */,
				88A470FF207DA161002F93E0 /* EDJMicroBuildModel.m */,
			);
			path = Model;
			sourceTree = "<group>";
		};
		8835B2D420720B6500722010 /* View */ = {
			isa = PBXGroup;
			children = (
			);
			path = View;
			sourceTree = "<group>";
		};
		8835B2D720720B6500722010 /* Model */ = {
			isa = PBXGroup;
			children = (
			);
			path = Model;
			sourceTree = "<group>";
		};
		8835B2D820720B6500722010 /* Controller */ = {
			isa = PBXGroup;
			children = (
				88D0337F2079EB5800665D2F /* EDJDiscoveryViewController.h */,
				88D033802079EB5800665D2F /* EDJDiscoveryViewController.m */,
			);
			path = Controller;
			sourceTree = "<group>";
		};
		8835B2DA20720B7000722010 /* Controller */ = {
			isa = PBXGroup;
			children = (
				88A47121207DF342002F93E0 /* EDJOnlineViewController.h */,
				88A47122207DF342002F93E0 /* EDJOnlineViewController.m */,
			);
			path = Controller;
			sourceTree = "<group>";
		};
		8835B2DB20720B7000722010 /* Model */ = {
			isa = PBXGroup;
			children = (
			);
			path = Model;
			sourceTree = "<group>";
		};
		8835B2DC20720B7000722010 /* View */ = {
			isa = PBXGroup;
			children = (
			);
			path = View;
			sourceTree = "<group>";
		};
		8835B2E620720C7100722010 /* Other */ = {
			isa = PBXGroup;
			children = (
				8835B2E720720CD800722010 /* LIGObject.h */,
				8835B2E820720CD800722010 /* LIGObject.m */,
			);
			path = Other;
			sourceTree = "<group>";
		};
		8835B2ED20720F3500722010 /* Other */ = {
			isa = PBXGroup;
			children = (
				88A470EC207B0CF2002F93E0 /* UIColor+EDJColor.h */,
				88A470ED207B0CF2002F93E0 /* UIColor+EDJColor.m */,
			);
			path = Other;
			sourceTree = "<group>";
		};
		8835B2FD2072131800722010 /* cell */ = {
			isa = PBXGroup;
			children = (
				88A47116207DDCC3002F93E0 /* EDJMicroPartyLessonHeaderCell.h */,
				88A47117207DDCC3002F93E0 /* EDJMicroPartyLessonHeaderCell.m */,
				88A47119207DDCCA002F93E0 /* EDJMicroPartyLessonHeaderCell.xib */,
				88A470FB207C8CBD002F93E0 /* EDJMicroPSCellHeader.h */,
				88A470FC207C8CBD002F93E0 /* EDJMicroPSCellHeader.m */,
				8835B30C2072143300722010 /* EDJMicroPartyLessonCell.h */,
				8835B30D2072143300722010 /* EDJMicroPartyLessonCell.m */,
				8835B303207213B000722010 /* EDJMicroPSCellFooter.h */,
				8835B304207213B000722010 /* EDJMicroPSCellFooter.m */,
				88A47106207DB9FF002F93E0 /* BuileCell */,
			);
			path = cell;
			sourceTree = "<group>";
		};
		884311E82084B75400321F84 /* LGPageView */ = {
			isa = PBXGroup;
			children = (
				884311EF2084B80C00321F84 /* LGSegmentControl.h */,
				884311F02084B80C00321F84 /* LGSegmentControl.m */,
			);
			path = LGPageView;
			sourceTree = "<group>";
		};
		884312422085C6B800321F84 /* userLevelInfo */ = {
			isa = PBXGroup;
			children = (
				884312AF208721B100321F84 /* SubControllers */,
				884312A92086F2BF00321F84 /* View */,
				8843124A2085E60F00321F84 /* EDJLevelInfoViewController.h */,
				8843124B2085E60F00321F84 /* EDJLevelInfoViewController.m */,
				884312A62086ED1200321F84 /* EDJLevelInfoFlowLayout.h */,
				884312A72086ED1200321F84 /* EDJLevelInfoFlowLayout.m */,
			);
			path = userLevelInfo;
			sourceTree = "<group>";
		};
		884312A92086F2BF00321F84 /* View */ = {
			isa = PBXGroup;
			children = (
				884312AA2086F2D400321F84 /* EDJLeverInfoHeader.xib */,
				884312AC2086F2EC00321F84 /* EDJLeverInfoHeaderView.h */,
				884312AD2086F2EC00321F84 /* EDJLeverInfoHeaderView.m */,
			);
			path = View;
			sourceTree = "<group>";
		};
		884312AF208721B100321F84 /* SubControllers */ = {
			isa = PBXGroup;
			children = (
				884312B32087222600321F84 /* EDJLevelInsTableViewController.h */,
				884312B42087222600321F84 /* EDJLevelInsTableViewController.m */,
				884312B9208725C900321F84 /* EDJTodayScoreViewController.h */,
				884312BA208725C900321F84 /* EDJTodayScoreViewController.m */,
				884312BC20872ED400321F84 /* EDJModifiPwdViewController.h */,
				884312BD20872ED400321F84 /* EDJModifiPwdViewController.m */,
				884312BF208733F400321F84 /* EDJConfirmPwdViewController.h */,
				884312C0208733F400321F84 /* EDJConfirmPwdViewController.m */,
			);
			path = SubControllers;
			sourceTree = "<group>";
		};
		884312C22087379100321F84 /* userMsgCenter */ = {
			isa = PBXGroup;
			children = (
				884312C3208737BF00321F84 /* UCMsgTableViewController.h */,
				884312C4208737BF00321F84 /* UCMsgTableViewController.m */,
				884312C6208737EF00321F84 /* UCMsgModel.h */,
				884312C7208737EF00321F84 /* UCMsgModel.m */,
				884312C92087380700321F84 /* UCMsgTableViewCell.h */,
				884312CA2087380700321F84 /* UCMsgTableViewCell.m */,
				884312CC2087380E00321F84 /* UCMsgTableViewCell.xib */,
			);
			path = userMsgCenter;
			sourceTree = "<group>";
		};
		884312CE20873AB300321F84 /* userSetting */ = {
			isa = PBXGroup;
			children = (
				884312D220873B2800321F84 /* UCSettingViewController.h */,
				884312D320873B2800321F84 /* UCSettingViewController.m */,
				884312D720873C1B00321F84 /* UCSettingTableViewCell.h */,
				884312D820873C1B00321F84 /* UCSettingTableViewCell.m */,
				884312DA2087402200321F84 /* UCSettingModel.h */,
				884312DB2087402200321F84 /* UCSettingModel.m */,
				884312D520873B6900321F84 /* UCSetting.plist */,
			);
			path = userSetting;
			sourceTree = "<group>";
		};
		884312DD2089781600321F84 /* userHelpFadeback */ = {
			isa = PBXGroup;
			children = (
				884312DE2089785900321F84 /* UCHelpFadebackViewController.h */,
				884312DF2089785900321F84 /* UCHelpFadebackViewController.m */,
				884312E12089879C00321F84 /* UCHelpFadebackTableViewCell.h */,
				884312E22089879C00321F84 /* UCHelpFadebackTableViewCell.m */,
				884312E4208987F100321F84 /* UCHelpFadebackModel.h */,
				884312E5208987F100321F84 /* UCHelpFadebackModel.m */,
				884312E72089990C00321F84 /* UCWriteFeedbackViewController.h */,
				884312E82089990C00321F84 /* UCWriteFeedbackViewController.m */,
				884312EA2089BC7D00321F84 /* UCMyFeedbackViewController.h */,
				884312EB2089BC7D00321F84 /* UCMyFeedbackViewController.m */,
			);
			path = userHelpFadeback;
			sourceTree = "<group>";
		};
		884312ED2089C15000321F84 /* userUpload */ = {
			isa = PBXGroup;
			children = (
				884312F72089C82800321F84 /* UCUploadViewController.h */,
				884312F82089C82800321F84 /* UCUploadViewController.m */,
			);
			path = userUpload;
			sourceTree = "<group>";
		};
		884312F22089C54300321F84 /* LGSegment */ = {
			isa = PBXGroup;
			children = (
				884312F32089C55B00321F84 /* View */,
				884312EE2089C25600321F84 /* LGSegmentViewController.h */,
				884312EF2089C25600321F84 /* LGSegmentViewController.m */,
			);
			path = LGSegment;
			sourceTree = "<group>";
		};
		884312F32089C55B00321F84 /* View */ = {
			isa = PBXGroup;
			children = (
				884312F42089C58000321F84 /* LGSegmentView.h */,
				884312F52089C58000321F84 /* LGSegmentView.m */,
			);
			path = View;
			sourceTree = "<group>";
		};
		88A47106207DB9FF002F93E0 /* BuileCell */ = {
			isa = PBXGroup;
			children = (
				88A47103207DB266002F93E0 /* EDJMicroBuildCell.h */,
				88A47104207DB266002F93E0 /* EDJMicroBuildCell.m */,
				88A47107207DBE00002F93E0 /* EDJMicroBuildNoImgCell.h */,
				88A47108207DBE00002F93E0 /* EDJMicroBuildNoImgCell.m */,
				88A4710A207DBE08002F93E0 /* EDJMicroBuildNoImgCell.xib */,
				88A4710C207DBE1F002F93E0 /* EDJMicroBuildOneImgCell.h */,
				88A4710D207DBE1F002F93E0 /* EDJMicroBuildOneImgCell.m */,
				88A4710F207DBE26002F93E0 /* EDJMicroBuildOneImgCell.xib */,
				88A47111207DBE33002F93E0 /* EDJMicroBuildThreeImgCell.h */,
				88A47112207DBE33002F93E0 /* EDJMicroBuildThreeImgCell.m */,
				88A47114207DBE3B002F93E0 /* EDJMicroBuildThreeImgCell.xib */,
			);
			path = BuileCell;
			sourceTree = "<group>";
		};
		88A47124207DF7CC002F93E0 /* Other */ = {
			isa = PBXGroup;
			children = (
				884311E82084B75400321F84 /* LGPageView */,
				88A470F0207B5557002F93E0 /* EDJHomeDigitalsFlowLayout.h */,
				88A470F1207B5557002F93E0 /* EDJHomeDigitalsFlowLayout.m */,
			);
			path = Other;
			sourceTree = "<group>";
		};
		88A47125207DF921002F93E0 /* Ohter */ = {
			isa = PBXGroup;
			children = (
				8835B2CB20720B1500722010 /* EDJOnlineController.h */,
				8835B2CC20720B1500722010 /* EDJOnlineController.m */,
				88A47126207DF94C002F93E0 /* EDJOnlineFlowLayout.h */,
				88A47127207DF94C002F93E0 /* EDJOnlineFlowLayout.m */,
			);
			path = Ohter;
			sourceTree = "<group>";
		};
		88A4713A207F31E1002F93E0 /* specific */ = {
			isa = PBXGroup;
			children = (
				88A4713B207F320F002F93E0 /* LGSpecificButton.h */,
				88A4713C207F320F002F93E0 /* LGSpecificButton.m */,
			);
			path = specific;
			sourceTree = "<group>";
		};
		88A4713E207F5170002F93E0 /* userMain */ = {
			isa = PBXGroup;
			children = (
				88A47129207E02D4002F93E0 /* UserCenter.storyboard */,
				88D033852079EB8600665D2F /* EDJUserCenterViewController.h */,
				88D033862079EB8600665D2F /* EDJUserCenterViewController.m */,
				88A47131207EF5EB002F93E0 /* EDJUserCenterHomePageModel.h */,
				88A47132207EF5EB002F93E0 /* EDJUserCenterHomePageModel.m */,
				88A4712E207EF58B002F93E0 /* EDJUserCenterHomePageCell.h */,
				88A4712F207EF58B002F93E0 /* EDJUserCenterHomePageCell.m */,
				88A47138207F0C74002F93E0 /* EDJUserCenterHomePageCell.xib */,
				88A47136207F06D3002F93E0 /* UserCenterHomeForm.plist */,
			);
			path = userMain;
			sourceTree = "<group>";
		};
		88A4713F207F51BF002F93E0 /* userPersonInfo */ = {
			isa = PBXGroup;
			children = (
				88A47140207F5242002F93E0 /* UCPersonInfoViewController.h */,
				88A47141207F5242002F93E0 /* UCPersonInfoViewController.m */,
				88397812207F56D700F3D131 /* UCPersonInfoModel.h */,
				88397813207F56D700F3D131 /* UCPersonInfoModel.m */,
				88397815207F592700F3D131 /* UCPersonInfoTableViewCell.h */,
				88397816207F592700F3D131 /* UCPersonInfoTableViewCell.m */,
			);
			path = userPersonInfo;
			sourceTree = "<group>";
		};
		DE454A27ADB38385BB3B899B /* Pods */ = {
			isa = PBXGroup;
			children = (
				5DAB9BB351BB410846B49078 /* Pods-HBDJProj.debug.xcconfig */,
				414464DD67B40B89AB9A01A9 /* Pods-HBDJProj.release.xcconfig */,
				3081BAA7F9894EDE6EB16D34 /* Pods-HBDJProjTests.debug.xcconfig */,
				5B9F86E8014D07FA4DE6D173 /* Pods-HBDJProjTests.release.xcconfig */,
				6CF8435CB5EA2F49C61CE8A9 /* Pods-HBDJProjUITests.debug.xcconfig */,
				0AD183953D101913C0C4D08C /* Pods-HBDJProjUITests.release.xcconfig */,
			);
			name = Pods;
			sourceTree = "<group>";
		};
/* End PBXGroup section */

/* Begin PBXNativeTarget section */
		881C94872068EA5A009D6A52 /* HBDJProj */ = {
			isa = PBXNativeTarget;
			buildConfigurationList = 881C94B42068EA5A009D6A52 /* Build configuration list for PBXNativeTarget "HBDJProj" */;
			buildPhases = (
				C4585AAAA2617150C6D26952 /* [CP] Check Pods Manifest.lock */,
				881C94842068EA5A009D6A52 /* Sources */,
				881C94852068EA5A009D6A52 /* Frameworks */,
				881C94862068EA5A009D6A52 /* Resources */,
				939DE8F9065C7C885E4EFF02 /* [CP] Embed Pods Frameworks */,
				C8F34875A03DAA67EEC5A119 /* [CP] Copy Pods Resources */,
			);
			buildRules = (
			);
			dependencies = (
			);
			name = HBDJProj;
			productName = HBDJProj;
			productReference = 881C94882068EA5A009D6A52 /* HBDJProj.app */;
			productType = "com.apple.product-type.application";
		};
		881C949F2068EA5A009D6A52 /* HBDJProjTests */ = {
			isa = PBXNativeTarget;
			buildConfigurationList = 881C94B72068EA5A009D6A52 /* Build configuration list for PBXNativeTarget "HBDJProjTests" */;
			buildPhases = (
				DB2A04A0D23C4CC4C35CFA60 /* [CP] Check Pods Manifest.lock */,
				881C949C2068EA5A009D6A52 /* Sources */,
				881C949D2068EA5A009D6A52 /* Frameworks */,
				881C949E2068EA5A009D6A52 /* Resources */,
				B079A81ABAF501E728AAA1A3 /* [CP] Embed Pods Frameworks */,
				3AB67DEA69EC9615B59DFA30 /* [CP] Copy Pods Resources */,
			);
			buildRules = (
			);
			dependencies = (
				881C94A22068EA5A009D6A52 /* PBXTargetDependency */,
			);
			name = HBDJProjTests;
			productName = HBDJProjTests;
			productReference = 881C94A02068EA5A009D6A52 /* HBDJProjTests.xctest */;
			productType = "com.apple.product-type.bundle.unit-test";
		};
		881C94AA2068EA5A009D6A52 /* HBDJProjUITests */ = {
			isa = PBXNativeTarget;
			buildConfigurationList = 881C94BA2068EA5A009D6A52 /* Build configuration list for PBXNativeTarget "HBDJProjUITests" */;
			buildPhases = (
				A923FDD12A0F16DBE5295F23 /* [CP] Check Pods Manifest.lock */,
				881C94A72068EA5A009D6A52 /* Sources */,
				881C94A82068EA5A009D6A52 /* Frameworks */,
				881C94A92068EA5A009D6A52 /* Resources */,
				5B153870249C9E8C4C75B5E9 /* [CP] Embed Pods Frameworks */,
				A19D8C51202D0431E923EDAA /* [CP] Copy Pods Resources */,
			);
			buildRules = (
			);
			dependencies = (
				881C94AD2068EA5A009D6A52 /* PBXTargetDependency */,
			);
			name = HBDJProjUITests;
			productName = HBDJProjUITests;
			productReference = 881C94AB2068EA5A009D6A52 /* HBDJProjUITests.xctest */;
			productType = "com.apple.product-type.bundle.ui-testing";
		};
/* End PBXNativeTarget section */

/* Begin PBXProject section */
		881C94802068EA5A009D6A52 /* Project object */ = {
			isa = PBXProject;
			attributes = {
				CLASSPREFIX = EDJ;
				LastUpgradeCheck = 0920;
				ORGANIZATIONNAME = Lee;
				TargetAttributes = {
					881C94872068EA5A009D6A52 = {
						CreatedOnToolsVersion = 9.2;
						ProvisioningStyle = Automatic;
					};
					881C949F2068EA5A009D6A52 = {
						CreatedOnToolsVersion = 9.2;
						ProvisioningStyle = Automatic;
						TestTargetID = 881C94872068EA5A009D6A52;
					};
					881C94AA2068EA5A009D6A52 = {
						CreatedOnToolsVersion = 9.2;
						ProvisioningStyle = Automatic;
						TestTargetID = 881C94872068EA5A009D6A52;
					};
				};
			};
			buildConfigurationList = 881C94832068EA5A009D6A52 /* Build configuration list for PBXProject "HBDJProj" */;
			compatibilityVersion = "Xcode 8.0";
			developmentRegion = en;
			hasScannedForEncodings = 0;
			knownRegions = (
				en,
				Base,
			);
			mainGroup = 881C947F2068EA5A009D6A52;
			productRefGroup = 881C94892068EA5A009D6A52 /* Products */;
			projectDirPath = "";
			projectRoot = "";
			targets = (
				881C94872068EA5A009D6A52 /* HBDJProj */,
				881C949F2068EA5A009D6A52 /* HBDJProjTests */,
				881C94AA2068EA5A009D6A52 /* HBDJProjUITests */,
			);
		};
/* End PBXProject section */

/* Begin PBXResourcesBuildPhase section */
		881C94862068EA5A009D6A52 /* Resources */ = {
			isa = PBXResourcesBuildPhase;
			buildActionMask = 2147483647;
			files = (
				88A47110207DBE26002F93E0 /* EDJMicroBuildOneImgCell.xib in Resources */,
				881C94952068EA5A009D6A52 /* Assets.xcassets in Resources */,
				88A47137207F06D3002F93E0 /* UserCenterHomeForm.plist in Resources */,
				884312CD2087380E00321F84 /* UCMsgTableViewCell.xib in Resources */,
				88A4712A207E02D4002F93E0 /* UserCenter.storyboard in Resources */,
				884312AB2086F2D400321F84 /* EDJLeverInfoHeader.xib in Resources */,
				88A4711A207DDCCA002F93E0 /* EDJMicroPartyLessonHeaderCell.xib in Resources */,
				884312D620873B6900321F84 /* UCSetting.plist in Resources */,
				88A4710B207DBE08002F93E0 /* EDJMicroBuildNoImgCell.xib in Resources */,
				88A47115207DBE3B002F93E0 /* EDJMicroBuildThreeImgCell.xib in Resources */,
				88A47139207F0C74002F93E0 /* EDJUserCenterHomePageCell.xib in Resources */,
			);
			runOnlyForDeploymentPostprocessing = 0;
		};
		881C949E2068EA5A009D6A52 /* Resources */ = {
			isa = PBXResourcesBuildPhase;
			buildActionMask = 2147483647;
			files = (
			);
			runOnlyForDeploymentPostprocessing = 0;
		};
		881C94A92068EA5A009D6A52 /* Resources */ = {
			isa = PBXResourcesBuildPhase;
			buildActionMask = 2147483647;
			files = (
			);
			runOnlyForDeploymentPostprocessing = 0;
		};
/* End PBXResourcesBuildPhase section */

/* Begin PBXShellScriptBuildPhase section */
		3AB67DEA69EC9615B59DFA30 /* [CP] Copy Pods Resources */ = {
			isa = PBXShellScriptBuildPhase;
			buildActionMask = 2147483647;
			files = (
			);
			inputPaths = (
			);
			name = "[CP] Copy Pods Resources";
			outputPaths = (
			);
			runOnlyForDeploymentPostprocessing = 0;
			shellPath = /bin/sh;
			shellScript = "\"${SRCROOT}/Pods/Target Support Files/Pods-HBDJProjTests/Pods-HBDJProjTests-resources.sh\"\n";
			showEnvVarsInLog = 0;
		};
		5B153870249C9E8C4C75B5E9 /* [CP] Embed Pods Frameworks */ = {
			isa = PBXShellScriptBuildPhase;
			buildActionMask = 2147483647;
			files = (
			);
			inputPaths = (
			);
			name = "[CP] Embed Pods Frameworks";
			outputPaths = (
			);
			runOnlyForDeploymentPostprocessing = 0;
			shellPath = /bin/sh;
			shellScript = "\"${SRCROOT}/Pods/Target Support Files/Pods-HBDJProjUITests/Pods-HBDJProjUITests-frameworks.sh\"\n";
			showEnvVarsInLog = 0;
		};
		939DE8F9065C7C885E4EFF02 /* [CP] Embed Pods Frameworks */ = {
			isa = PBXShellScriptBuildPhase;
			buildActionMask = 2147483647;
			files = (
			);
			inputPaths = (
				"${SRCROOT}/Pods/Target Support Files/Pods-HBDJProj/Pods-HBDJProj-frameworks.sh",
				"${BUILT_PRODUCTS_DIR}/AFNetworking/AFNetworking.framework",
				"${BUILT_PRODUCTS_DIR}/DTCoreText/DTCoreText.framework",
				"${BUILT_PRODUCTS_DIR}/DTFoundation/DTFoundation.framework",
				"${BUILT_PRODUCTS_DIR}/MBProgressHUD/MBProgressHUD.framework",
				"${BUILT_PRODUCTS_DIR}/MJExtension/MJExtension.framework",
				"${BUILT_PRODUCTS_DIR}/MJRefresh/MJRefresh.framework",
				"${BUILT_PRODUCTS_DIR}/Masonry/Masonry.framework",
				"${BUILT_PRODUCTS_DIR}/SDCycleScrollView/SDCycleScrollView.framework",
				"${BUILT_PRODUCTS_DIR}/SDWebImage/SDWebImage.framework",
				"${BUILT_PRODUCTS_DIR}/YYText/YYText.framework",
			);
			name = "[CP] Embed Pods Frameworks";
			outputPaths = (
				"${TARGET_BUILD_DIR}/${FRAMEWORKS_FOLDER_PATH}/AFNetworking.framework",
				"${TARGET_BUILD_DIR}/${FRAMEWORKS_FOLDER_PATH}/DTCoreText.framework",
				"${TARGET_BUILD_DIR}/${FRAMEWORKS_FOLDER_PATH}/DTFoundation.framework",
				"${TARGET_BUILD_DIR}/${FRAMEWORKS_FOLDER_PATH}/MBProgressHUD.framework",
				"${TARGET_BUILD_DIR}/${FRAMEWORKS_FOLDER_PATH}/MJExtension.framework",
				"${TARGET_BUILD_DIR}/${FRAMEWORKS_FOLDER_PATH}/MJRefresh.framework",
				"${TARGET_BUILD_DIR}/${FRAMEWORKS_FOLDER_PATH}/Masonry.framework",
				"${TARGET_BUILD_DIR}/${FRAMEWORKS_FOLDER_PATH}/SDCycleScrollView.framework",
				"${TARGET_BUILD_DIR}/${FRAMEWORKS_FOLDER_PATH}/SDWebImage.framework",
				"${TARGET_BUILD_DIR}/${FRAMEWORKS_FOLDER_PATH}/YYText.framework",
			);
			runOnlyForDeploymentPostprocessing = 0;
			shellPath = /bin/sh;
			shellScript = "\"${SRCROOT}/Pods/Target Support Files/Pods-HBDJProj/Pods-HBDJProj-frameworks.sh\"\n";
			showEnvVarsInLog = 0;
		};
		A19D8C51202D0431E923EDAA /* [CP] Copy Pods Resources */ = {
			isa = PBXShellScriptBuildPhase;
			buildActionMask = 2147483647;
			files = (
			);
			inputPaths = (
			);
			name = "[CP] Copy Pods Resources";
			outputPaths = (
			);
			runOnlyForDeploymentPostprocessing = 0;
			shellPath = /bin/sh;
			shellScript = "\"${SRCROOT}/Pods/Target Support Files/Pods-HBDJProjUITests/Pods-HBDJProjUITests-resources.sh\"\n";
			showEnvVarsInLog = 0;
		};
		A923FDD12A0F16DBE5295F23 /* [CP] Check Pods Manifest.lock */ = {
			isa = PBXShellScriptBuildPhase;
			buildActionMask = 2147483647;
			files = (
			);
			inputPaths = (
				"${PODS_PODFILE_DIR_PATH}/Podfile.lock",
				"${PODS_ROOT}/Manifest.lock",
			);
			name = "[CP] Check Pods Manifest.lock";
			outputPaths = (
				"$(DERIVED_FILE_DIR)/Pods-HBDJProjUITests-checkManifestLockResult.txt",
			);
			runOnlyForDeploymentPostprocessing = 0;
			shellPath = /bin/sh;
			shellScript = "diff \"${PODS_PODFILE_DIR_PATH}/Podfile.lock\" \"${PODS_ROOT}/Manifest.lock\" > /dev/null\nif [ $? != 0 ] ; then\n    # print error to STDERR\n    echo \"error: The sandbox is not in sync with the Podfile.lock. Run 'pod install' or update your CocoaPods installation.\" >&2\n    exit 1\nfi\n# This output is used by Xcode 'outputs' to avoid re-running this script phase.\necho \"SUCCESS\" > \"${SCRIPT_OUTPUT_FILE_0}\"\n";
			showEnvVarsInLog = 0;
		};
		B079A81ABAF501E728AAA1A3 /* [CP] Embed Pods Frameworks */ = {
			isa = PBXShellScriptBuildPhase;
			buildActionMask = 2147483647;
			files = (
			);
			inputPaths = (
			);
			name = "[CP] Embed Pods Frameworks";
			outputPaths = (
			);
			runOnlyForDeploymentPostprocessing = 0;
			shellPath = /bin/sh;
			shellScript = "\"${SRCROOT}/Pods/Target Support Files/Pods-HBDJProjTests/Pods-HBDJProjTests-frameworks.sh\"\n";
			showEnvVarsInLog = 0;
		};
		C4585AAAA2617150C6D26952 /* [CP] Check Pods Manifest.lock */ = {
			isa = PBXShellScriptBuildPhase;
			buildActionMask = 2147483647;
			files = (
			);
			inputPaths = (
				"${PODS_PODFILE_DIR_PATH}/Podfile.lock",
				"${PODS_ROOT}/Manifest.lock",
			);
			name = "[CP] Check Pods Manifest.lock";
			outputPaths = (
				"$(DERIVED_FILE_DIR)/Pods-HBDJProj-checkManifestLockResult.txt",
			);
			runOnlyForDeploymentPostprocessing = 0;
			shellPath = /bin/sh;
			shellScript = "diff \"${PODS_PODFILE_DIR_PATH}/Podfile.lock\" \"${PODS_ROOT}/Manifest.lock\" > /dev/null\nif [ $? != 0 ] ; then\n    # print error to STDERR\n    echo \"error: The sandbox is not in sync with the Podfile.lock. Run 'pod install' or update your CocoaPods installation.\" >&2\n    exit 1\nfi\n# This output is used by Xcode 'outputs' to avoid re-running this script phase.\necho \"SUCCESS\" > \"${SCRIPT_OUTPUT_FILE_0}\"\n";
			showEnvVarsInLog = 0;
		};
		C8F34875A03DAA67EEC5A119 /* [CP] Copy Pods Resources */ = {
			isa = PBXShellScriptBuildPhase;
			buildActionMask = 2147483647;
			files = (
			);
			inputPaths = (
			);
			name = "[CP] Copy Pods Resources";
			outputPaths = (
			);
			runOnlyForDeploymentPostprocessing = 0;
			shellPath = /bin/sh;
			shellScript = "\"${SRCROOT}/Pods/Target Support Files/Pods-HBDJProj/Pods-HBDJProj-resources.sh\"\n";
			showEnvVarsInLog = 0;
		};
		DB2A04A0D23C4CC4C35CFA60 /* [CP] Check Pods Manifest.lock */ = {
			isa = PBXShellScriptBuildPhase;
			buildActionMask = 2147483647;
			files = (
			);
			inputPaths = (
				"${PODS_PODFILE_DIR_PATH}/Podfile.lock",
				"${PODS_ROOT}/Manifest.lock",
			);
			name = "[CP] Check Pods Manifest.lock";
			outputPaths = (
				"$(DERIVED_FILE_DIR)/Pods-HBDJProjTests-checkManifestLockResult.txt",
			);
			runOnlyForDeploymentPostprocessing = 0;
			shellPath = /bin/sh;
			shellScript = "diff \"${PODS_PODFILE_DIR_PATH}/Podfile.lock\" \"${PODS_ROOT}/Manifest.lock\" > /dev/null\nif [ $? != 0 ] ; then\n    # print error to STDERR\n    echo \"error: The sandbox is not in sync with the Podfile.lock. Run 'pod install' or update your CocoaPods installation.\" >&2\n    exit 1\nfi\n# This output is used by Xcode 'outputs' to avoid re-running this script phase.\necho \"SUCCESS\" > \"${SCRIPT_OUTPUT_FILE_0}\"\n";
			showEnvVarsInLog = 0;
		};
/* End PBXShellScriptBuildPhase section */

/* Begin PBXSourcesBuildPhase section */
		881C94842068EA5A009D6A52 /* Sources */ = {
			isa = PBXSourcesBuildPhase;
			buildActionMask = 2147483647;
			files = (
				881C94D32068ECF3009D6A52 /* UIView+Extension.m in Sources */,
				884312C1208733F400321F84 /* EDJConfirmPwdViewController.m in Sources */,
				88A470F2207B5557002F93E0 /* EDJHomeDigitalsFlowLayout.m in Sources */,
				88A47113207DBE33002F93E0 /* EDJMicroBuildThreeImgCell.m in Sources */,
				8835B2A32071FBE000722010 /* LGBaseViewController.m in Sources */,
				8835B2C120720A1800722010 /* LGBaseView.m in Sources */,
				88A4713D207F320F002F93E0 /* LGSpecificButton.m in Sources */,
				88A47128207DF94C002F93E0 /* EDJOnlineFlowLayout.m in Sources */,
				884312BB208725C900321F84 /* EDJTodayScoreViewController.m in Sources */,
				88A47133207EF5EB002F93E0 /* EDJUserCenterHomePageModel.m in Sources */,
				884312E02089785900321F84 /* UCHelpFadebackViewController.m in Sources */,
				88A4710E207DBE1F002F93E0 /* EDJMicroBuildOneImgCell.m in Sources */,
				88397814207F56D700F3D131 /* UCPersonInfoModel.m in Sources */,
				884312BE20872ED400321F84 /* EDJModifiPwdViewController.m in Sources */,
				884312E6208987F100321F84 /* UCHelpFadebackModel.m in Sources */,
				884312F62089C58000321F84 /* LGSegmentView.m in Sources */,
				881C94E12068ED10009D6A52 /* LIGNetworkConfig.m in Sources */,
				884312E32089879C00321F84 /* UCHelpFadebackTableViewCell.m in Sources */,
				88A470FD207C8CBD002F93E0 /* EDJMicroPSCellHeader.m in Sources */,
				884312C8208737EF00321F84 /* UCMsgModel.m in Sources */,
				881C94E02068ED10009D6A52 /* LIGNetworkAgent.m in Sources */,
				8843124F2085ED6300321F84 /* UIViewController+LGBaseSettings.m in Sources */,
				884312DC2087402200321F84 /* UCSettingModel.m in Sources */,
				881C94E82068EFAA009D6A52 /* LIGMainTabBarController.m in Sources */,
				884312F02089C25600321F84 /* LGSegmentViewController.m in Sources */,
				88A470FA207C8615002F93E0 /* LGImageView.m in Sources */,
				88A47105207DB266002F93E0 /* EDJMicroBuildCell.m in Sources */,
				881C94D22068ECF3009D6A52 /* UIImage+Extension.m in Sources */,
				8835B2F0207211B200722010 /* EDJHomeHeaderView.m in Sources */,
				884312D420873B2800321F84 /* UCSettingViewController.m in Sources */,
				8835B30E2072143300722010 /* EDJMicroPartyLessonCell.m in Sources */,
				8835B2CA20720B0200722010 /* EDJDiscoveryController.m in Sources */,
				881C949B2068EA5A009D6A52 /* main.m in Sources */,
				881C94D02068ECF3009D6A52 /* NSString+Extension.m in Sources */,
				8835B2C420720A2700722010 /* LGBaseModel.m in Sources */,
				881C948D2068EA5A009D6A52 /* AppDelegate.m in Sources */,
				8835B2CD20720B1500722010 /* EDJOnlineController.m in Sources */,
				8835B36B20732DB900722010 /* EDJDigitalReadViewController.m in Sources */,
				884312C5208737BF00321F84 /* UCMsgTableViewController.m in Sources */,
				884312CB2087380700321F84 /* UCMsgTableViewCell.m in Sources */,
				884312AE2086F2EC00321F84 /* EDJLeverInfoHeaderView.m in Sources */,
				8835B2EC20720D6000722010 /* EDJHomeViewController.m in Sources */,
				8835B36520732D9C00722010 /* EDJMicroPartyLessionViewController.m in Sources */,
				88397817207F592700F3D131 /* UCPersonInfoTableViewCell.m in Sources */,
				881C94D12068ECF3009D6A52 /* UIColor+Extension.m in Sources */,
				88A47118207DDCC3002F93E0 /* EDJMicroPartyLessonHeaderCell.m in Sources */,
				8835B2AC207201DD00722010 /* LGBaseTabBarController.m in Sources */,
				884312F92089C82800321F84 /* UCUploadViewController.m in Sources */,
				881C94DF2068ED10009D6A52 /* LIGBaseRequest.m in Sources */,
				88D033812079EB5800665D2F /* EDJDiscoveryViewController.m in Sources */,
				88A47109207DBE00002F93E0 /* EDJMicroBuildNoImgCell.m in Sources */,
				88A470EE207B0CF2002F93E0 /* UIColor+EDJColor.m in Sources */,
				884312D920873C1B00321F84 /* UCSettingTableViewCell.m in Sources */,
				88A47142207F5242002F93E0 /* UCPersonInfoViewController.m in Sources */,
				884312B2208721F400321F84 /* LGBaseTableViewController.m in Sources */,
				884312B52087222600321F84 /* EDJLevelInsTableViewController.m in Sources */,
				8835B2A62071FBFB00722010 /* LGBaseNavigationController.m in Sources */,
				8835B305207213B000722010 /* EDJMicroPSCellFooter.m in Sources */,
				88A4712D207EEB91002F93E0 /* UIViewController+Extension.m in Sources */,
				88A4711D207DE00F002F93E0 /* LGBaseTableViewCell.m in Sources */,
				884312E92089990C00321F84 /* UCWriteFeedbackViewController.m in Sources */,
				8835B3172072189D00722010 /* LGBaseButton.m in Sources */,
				88D033872079EB8600665D2F /* EDJUserCenterViewController.m in Sources */,
				884312EC2089BC7D00321F84 /* UCMyFeedbackViewController.m in Sources */,
				884311F12084B80C00321F84 /* LGSegmentControl.m in Sources */,
				88A47130207EF58B002F93E0 /* EDJUserCenterHomePageCell.m in Sources */,
				8843124C2085E60F00321F84 /* EDJLevelInfoViewController.m in Sources */,
				88A47123207DF342002F93E0 /* EDJOnlineViewController.m in Sources */,
				884312A82086ED1200321F84 /* EDJLevelInfoFlowLayout.m in Sources */,
				8835B2E920720CD800722010 /* LIGObject.m in Sources */,
				8835B314207216DB00722010 /* EDJHomeNav.m in Sources */,
				88A47100207DA161002F93E0 /* EDJMicroBuildModel.m in Sources */,
			);
			runOnlyForDeploymentPostprocessing = 0;
		};
		881C949C2068EA5A009D6A52 /* Sources */ = {
			isa = PBXSourcesBuildPhase;
			buildActionMask = 2147483647;
			files = (
				881C94A52068EA5A009D6A52 /* HBDJProjTests.m in Sources */,
			);
			runOnlyForDeploymentPostprocessing = 0;
		};
		881C94A72068EA5A009D6A52 /* Sources */ = {
			isa = PBXSourcesBuildPhase;
			buildActionMask = 2147483647;
			files = (
				881C94B02068EA5A009D6A52 /* HBDJProjUITests.m in Sources */,
			);
			runOnlyForDeploymentPostprocessing = 0;
		};
/* End PBXSourcesBuildPhase section */

/* Begin PBXTargetDependency section */
		881C94A22068EA5A009D6A52 /* PBXTargetDependency */ = {
			isa = PBXTargetDependency;
			target = 881C94872068EA5A009D6A52 /* HBDJProj */;
			targetProxy = 881C94A12068EA5A009D6A52 /* PBXContainerItemProxy */;
		};
		881C94AD2068EA5A009D6A52 /* PBXTargetDependency */ = {
			isa = PBXTargetDependency;
			target = 881C94872068EA5A009D6A52 /* HBDJProj */;
			targetProxy = 881C94AC2068EA5A009D6A52 /* PBXContainerItemProxy */;
		};
/* End PBXTargetDependency section */

/* Begin XCBuildConfiguration section */
		881C94B22068EA5A009D6A52 /* Debug */ = {
			isa = XCBuildConfiguration;
			buildSettings = {
				ALWAYS_SEARCH_USER_PATHS = NO;
				CLANG_ANALYZER_NONNULL = YES;
				CLANG_ANALYZER_NUMBER_OBJECT_CONVERSION = YES_AGGRESSIVE;
				CLANG_CXX_LANGUAGE_STANDARD = "gnu++14";
				CLANG_CXX_LIBRARY = "libc++";
				CLANG_ENABLE_MODULES = YES;
				CLANG_ENABLE_OBJC_ARC = YES;
				CLANG_WARN_BLOCK_CAPTURE_AUTORELEASING = YES;
				CLANG_WARN_BOOL_CONVERSION = YES;
				CLANG_WARN_COMMA = YES;
				CLANG_WARN_CONSTANT_CONVERSION = YES;
				CLANG_WARN_DIRECT_OBJC_ISA_USAGE = YES_ERROR;
				CLANG_WARN_DOCUMENTATION_COMMENTS = YES;
				CLANG_WARN_EMPTY_BODY = YES;
				CLANG_WARN_ENUM_CONVERSION = YES;
				CLANG_WARN_INFINITE_RECURSION = YES;
				CLANG_WARN_INT_CONVERSION = YES;
				CLANG_WARN_NON_LITERAL_NULL_CONVERSION = YES;
				CLANG_WARN_OBJC_LITERAL_CONVERSION = YES;
				CLANG_WARN_OBJC_ROOT_CLASS = YES_ERROR;
				CLANG_WARN_RANGE_LOOP_ANALYSIS = YES;
				CLANG_WARN_STRICT_PROTOTYPES = YES;
				CLANG_WARN_SUSPICIOUS_MOVE = YES;
				CLANG_WARN_UNGUARDED_AVAILABILITY = YES_AGGRESSIVE;
				CLANG_WARN_UNREACHABLE_CODE = YES;
				CLANG_WARN__DUPLICATE_METHOD_MATCH = YES;
				CODE_SIGN_IDENTITY = "iPhone Developer";
				COPY_PHASE_STRIP = NO;
				DEBUG_INFORMATION_FORMAT = dwarf;
				ENABLE_STRICT_OBJC_MSGSEND = YES;
				ENABLE_TESTABILITY = YES;
				GCC_C_LANGUAGE_STANDARD = gnu11;
				GCC_DYNAMIC_NO_PIC = NO;
				GCC_NO_COMMON_BLOCKS = YES;
				GCC_OPTIMIZATION_LEVEL = 0;
				GCC_PREPROCESSOR_DEFINITIONS = (
					"DEBUG=1",
					"$(inherited)",
				);
				GCC_WARN_64_TO_32_BIT_CONVERSION = YES;
				GCC_WARN_ABOUT_RETURN_TYPE = YES_ERROR;
				GCC_WARN_UNDECLARED_SELECTOR = YES;
				GCC_WARN_UNINITIALIZED_AUTOS = YES_AGGRESSIVE;
				GCC_WARN_UNUSED_FUNCTION = YES;
				GCC_WARN_UNUSED_VARIABLE = YES;
				IPHONEOS_DEPLOYMENT_TARGET = 11.2;
				MTL_ENABLE_DEBUG_INFO = YES;
				ONLY_ACTIVE_ARCH = YES;
				SDKROOT = iphoneos;
			};
			name = Debug;
		};
		881C94B32068EA5A009D6A52 /* Release */ = {
			isa = XCBuildConfiguration;
			buildSettings = {
				ALWAYS_SEARCH_USER_PATHS = NO;
				CLANG_ANALYZER_NONNULL = YES;
				CLANG_ANALYZER_NUMBER_OBJECT_CONVERSION = YES_AGGRESSIVE;
				CLANG_CXX_LANGUAGE_STANDARD = "gnu++14";
				CLANG_CXX_LIBRARY = "libc++";
				CLANG_ENABLE_MODULES = YES;
				CLANG_ENABLE_OBJC_ARC = YES;
				CLANG_WARN_BLOCK_CAPTURE_AUTORELEASING = YES;
				CLANG_WARN_BOOL_CONVERSION = YES;
				CLANG_WARN_COMMA = YES;
				CLANG_WARN_CONSTANT_CONVERSION = YES;
				CLANG_WARN_DIRECT_OBJC_ISA_USAGE = YES_ERROR;
				CLANG_WARN_DOCUMENTATION_COMMENTS = YES;
				CLANG_WARN_EMPTY_BODY = YES;
				CLANG_WARN_ENUM_CONVERSION = YES;
				CLANG_WARN_INFINITE_RECURSION = YES;
				CLANG_WARN_INT_CONVERSION = YES;
				CLANG_WARN_NON_LITERAL_NULL_CONVERSION = YES;
				CLANG_WARN_OBJC_LITERAL_CONVERSION = YES;
				CLANG_WARN_OBJC_ROOT_CLASS = YES_ERROR;
				CLANG_WARN_RANGE_LOOP_ANALYSIS = YES;
				CLANG_WARN_STRICT_PROTOTYPES = YES;
				CLANG_WARN_SUSPICIOUS_MOVE = YES;
				CLANG_WARN_UNGUARDED_AVAILABILITY = YES_AGGRESSIVE;
				CLANG_WARN_UNREACHABLE_CODE = YES;
				CLANG_WARN__DUPLICATE_METHOD_MATCH = YES;
				CODE_SIGN_IDENTITY = "iPhone Developer";
				COPY_PHASE_STRIP = NO;
				DEBUG_INFORMATION_FORMAT = "dwarf-with-dsym";
				ENABLE_NS_ASSERTIONS = NO;
				ENABLE_STRICT_OBJC_MSGSEND = YES;
				GCC_C_LANGUAGE_STANDARD = gnu11;
				GCC_NO_COMMON_BLOCKS = YES;
				GCC_WARN_64_TO_32_BIT_CONVERSION = YES;
				GCC_WARN_ABOUT_RETURN_TYPE = YES_ERROR;
				GCC_WARN_UNDECLARED_SELECTOR = YES;
				GCC_WARN_UNINITIALIZED_AUTOS = YES_AGGRESSIVE;
				GCC_WARN_UNUSED_FUNCTION = YES;
				GCC_WARN_UNUSED_VARIABLE = YES;
				IPHONEOS_DEPLOYMENT_TARGET = 11.2;
				MTL_ENABLE_DEBUG_INFO = NO;
				SDKROOT = iphoneos;
				VALIDATE_PRODUCT = YES;
			};
			name = Release;
		};
		881C94B52068EA5A009D6A52 /* Debug */ = {
			isa = XCBuildConfiguration;
			baseConfigurationReference = 5DAB9BB351BB410846B49078 /* Pods-HBDJProj.debug.xcconfig */;
			buildSettings = {
				ASSETCATALOG_COMPILER_APPICON_NAME = AppIcon;
				ASSETCATALOG_COMPILER_LAUNCHIMAGE_NAME = LaunchImage;
				CODE_SIGN_STYLE = Automatic;
				DEVELOPMENT_TEAM = 33C939949Y;
				GCC_PREFIX_HEADER = "$(SRCROOT)/HBDJProj/Public/Header/HbdjPrefixHeader.pch";
				INFOPLIST_FILE = "$(SRCROOT)/HBDJProj/SupportingFiles/Info.plist";
				IPHONEOS_DEPLOYMENT_TARGET = 10.0;
				LD_RUNPATH_SEARCH_PATHS = "$(inherited) @executable_path/Frameworks";
				PRODUCT_BUNDLE_IDENTIFIER = com.retech.HBDJProj;
				PRODUCT_NAME = "$(TARGET_NAME)";
				SYSTEM_HEADER_SEARCH_PATHS = "$(SRCROOT)/**";
				TARGETED_DEVICE_FAMILY = "1,2";
			};
			name = Debug;
		};
		881C94B62068EA5A009D6A52 /* Release */ = {
			isa = XCBuildConfiguration;
			baseConfigurationReference = 414464DD67B40B89AB9A01A9 /* Pods-HBDJProj.release.xcconfig */;
			buildSettings = {
				ASSETCATALOG_COMPILER_APPICON_NAME = AppIcon;
				ASSETCATALOG_COMPILER_LAUNCHIMAGE_NAME = LaunchImage;
				CODE_SIGN_STYLE = Automatic;
				DEVELOPMENT_TEAM = 33C939949Y;
				GCC_PREFIX_HEADER = "$(SRCROOT)/HBDJProj/Public/Header/HbdjPrefixHeader.pch";
				INFOPLIST_FILE = "$(SRCROOT)/HBDJProj/SupportingFiles/Info.plist";
				IPHONEOS_DEPLOYMENT_TARGET = 10.0;
				LD_RUNPATH_SEARCH_PATHS = "$(inherited) @executable_path/Frameworks";
				PRODUCT_BUNDLE_IDENTIFIER = com.retech.HBDJProj;
				PRODUCT_NAME = "$(TARGET_NAME)";
				SYSTEM_HEADER_SEARCH_PATHS = "$(SRCROOT)/**";
				TARGETED_DEVICE_FAMILY = "1,2";
			};
			name = Release;
		};
		881C94B82068EA5A009D6A52 /* Debug */ = {
			isa = XCBuildConfiguration;
			baseConfigurationReference = 3081BAA7F9894EDE6EB16D34 /* Pods-HBDJProjTests.debug.xcconfig */;
			buildSettings = {
				BUNDLE_LOADER = "$(TEST_HOST)";
				CODE_SIGN_STYLE = Automatic;
				DEVELOPMENT_TEAM = EFWLEBR9Q6;
				INFOPLIST_FILE = HBDJProjTests/Info.plist;
				LD_RUNPATH_SEARCH_PATHS = "$(inherited) @executable_path/Frameworks @loader_path/Frameworks";
				PRODUCT_BUNDLE_IDENTIFIER = retech.HBDJProjTests;
				PRODUCT_NAME = "$(TARGET_NAME)";
				TARGETED_DEVICE_FAMILY = "1,2";
				TEST_HOST = "$(BUILT_PRODUCTS_DIR)/HBDJProj.app/HBDJProj";
			};
			name = Debug;
		};
		881C94B92068EA5A009D6A52 /* Release */ = {
			isa = XCBuildConfiguration;
			baseConfigurationReference = 5B9F86E8014D07FA4DE6D173 /* Pods-HBDJProjTests.release.xcconfig */;
			buildSettings = {
				BUNDLE_LOADER = "$(TEST_HOST)";
				CODE_SIGN_STYLE = Automatic;
				DEVELOPMENT_TEAM = EFWLEBR9Q6;
				INFOPLIST_FILE = HBDJProjTests/Info.plist;
				LD_RUNPATH_SEARCH_PATHS = "$(inherited) @executable_path/Frameworks @loader_path/Frameworks";
				PRODUCT_BUNDLE_IDENTIFIER = retech.HBDJProjTests;
				PRODUCT_NAME = "$(TARGET_NAME)";
				TARGETED_DEVICE_FAMILY = "1,2";
				TEST_HOST = "$(BUILT_PRODUCTS_DIR)/HBDJProj.app/HBDJProj";
			};
			name = Release;
		};
		881C94BB2068EA5A009D6A52 /* Debug */ = {
			isa = XCBuildConfiguration;
			baseConfigurationReference = 6CF8435CB5EA2F49C61CE8A9 /* Pods-HBDJProjUITests.debug.xcconfig */;
			buildSettings = {
				CODE_SIGN_STYLE = Automatic;
				DEVELOPMENT_TEAM = EFWLEBR9Q6;
				INFOPLIST_FILE = HBDJProjUITests/Info.plist;
				LD_RUNPATH_SEARCH_PATHS = "$(inherited) @executable_path/Frameworks @loader_path/Frameworks";
				PRODUCT_BUNDLE_IDENTIFIER = retech.HBDJProjUITests;
				PRODUCT_NAME = "$(TARGET_NAME)";
				TARGETED_DEVICE_FAMILY = "1,2";
				TEST_TARGET_NAME = HBDJProj;
			};
			name = Debug;
		};
		881C94BC2068EA5A009D6A52 /* Release */ = {
			isa = XCBuildConfiguration;
			baseConfigurationReference = 0AD183953D101913C0C4D08C /* Pods-HBDJProjUITests.release.xcconfig */;
			buildSettings = {
				CODE_SIGN_STYLE = Automatic;
				DEVELOPMENT_TEAM = EFWLEBR9Q6;
				INFOPLIST_FILE = HBDJProjUITests/Info.plist;
				LD_RUNPATH_SEARCH_PATHS = "$(inherited) @executable_path/Frameworks @loader_path/Frameworks";
				PRODUCT_BUNDLE_IDENTIFIER = retech.HBDJProjUITests;
				PRODUCT_NAME = "$(TARGET_NAME)";
				TARGETED_DEVICE_FAMILY = "1,2";
				TEST_TARGET_NAME = HBDJProj;
			};
			name = Release;
		};
/* End XCBuildConfiguration section */

/* Begin XCConfigurationList section */
		881C94832068EA5A009D6A52 /* Build configuration list for PBXProject "HBDJProj" */ = {
			isa = XCConfigurationList;
			buildConfigurations = (
				881C94B22068EA5A009D6A52 /* Debug */,
				881C94B32068EA5A009D6A52 /* Release */,
			);
			defaultConfigurationIsVisible = 0;
			defaultConfigurationName = Release;
		};
		881C94B42068EA5A009D6A52 /* Build configuration list for PBXNativeTarget "HBDJProj" */ = {
			isa = XCConfigurationList;
			buildConfigurations = (
				881C94B52068EA5A009D6A52 /* Debug */,
				881C94B62068EA5A009D6A52 /* Release */,
			);
			defaultConfigurationIsVisible = 0;
			defaultConfigurationName = Release;
		};
		881C94B72068EA5A009D6A52 /* Build configuration list for PBXNativeTarget "HBDJProjTests" */ = {
			isa = XCConfigurationList;
			buildConfigurations = (
				881C94B82068EA5A009D6A52 /* Debug */,
				881C94B92068EA5A009D6A52 /* Release */,
			);
			defaultConfigurationIsVisible = 0;
			defaultConfigurationName = Release;
		};
		881C94BA2068EA5A009D6A52 /* Build configuration list for PBXNativeTarget "HBDJProjUITests" */ = {
			isa = XCConfigurationList;
			buildConfigurations = (
				881C94BB2068EA5A009D6A52 /* Debug */,
				881C94BC2068EA5A009D6A52 /* Release */,
			);
			defaultConfigurationIsVisible = 0;
			defaultConfigurationName = Release;
		};
/* End XCConfigurationList section */
	};
	rootObject = 881C94802068EA5A009D6A52 /* Project object */;
}
